// !$*UTF8*$!
{
	archiveVersion = 1;
	classes = {
	};
	objectVersion = 55;
	objects = {

/* Begin PBXBuildFile section */
		B66F6F8129F11DFC0097367F /* AppDelegate.m in Sources */ = {isa = PBXBuildFile; fileRef = B66F6F8029F11DFC0097367F /* AppDelegate.m */; };
		B66F6F8429F11DFC0097367F /* SceneDelegate.m in Sources */ = {isa = PBXBuildFile; fileRef = B66F6F8329F11DFC0097367F /* SceneDelegate.m */; };
		B66F6F8729F11DFC0097367F /* ViewController.m in Sources */ = {isa = PBXBuildFile; fileRef = B66F6F8629F11DFC0097367F /* ViewController.m */; };
		B66F6F8A29F11DFC0097367F /* Main.storyboard in Resources */ = {isa = PBXBuildFile; fileRef = B66F6F8829F11DFC0097367F /* Main.storyboard */; };
		B66F6F8C29F11DFE0097367F /* Assets.xcassets in Resources */ = {isa = PBXBuildFile; fileRef = B66F6F8B29F11DFE0097367F /* Assets.xcassets */; };
		B66F6F8F29F11DFE0097367F /* LaunchScreen.storyboard in Resources */ = {isa = PBXBuildFile; fileRef = B66F6F8D29F11DFE0097367F /* LaunchScreen.storyboard */; };
		B66F6F9229F11DFE0097367F /* main.m in Sources */ = {isa = PBXBuildFile; fileRef = B66F6F9129F11DFE0097367F /* main.m */; };
		B66F6F9B29F128010097367F /* CustomView.m in Sources */ = {isa = PBXBuildFile; fileRef = B66F6F9A29F128010097367F /* CustomView.m */; };
		B670BB2829F62E660067F842 /* RecommendeViewController.m in Sources */ = {isa = PBXBuildFile; fileRef = B670BB2729F62E660067F842 /* RecommendeViewController.m */; };
		B670BB2B29F65DF60067F842 /* HomeTableViewCell.m in Sources */ = {isa = PBXBuildFile; fileRef = B670BB2A29F65DF60067F842 /* HomeTableViewCell.m */; };
		B670BB2E29F6B2E30067F842 /* DetailViewController.m in Sources */ = {isa = PBXBuildFile; fileRef = B670BB2D29F6B2E30067F842 /* DetailViewController.m */; };
		B6B8377129F530DE002E9018 /* VideoViewController.m in Sources */ = {isa = PBXBuildFile; fileRef = B6B8377029F530DE002E9018 /* VideoViewController.m */; };
		B6D5D0D729F23914002F938F /* icon.bundle in Resources */ = {isa = PBXBuildFile; fileRef = B6D5D0D629F23914002F938F /* icon.bundle */; };
/* End PBXBuildFile section */

/* Begin PBXFileReference section */
		B66F6F7C29F11DFC0097367F /* app-oc.app */ = {isa = PBXFileReference; explicitFileType = wrapper.application; includeInIndex = 0; path = "app-oc.app"; sourceTree = BUILT_PRODUCTS_DIR; };
		B66F6F7F29F11DFC0097367F /* AppDelegate.h */ = {isa = PBXFileReference; lastKnownFileType = sourcecode.c.h; path = AppDelegate.h; sourceTree = "<group>"; };
		B66F6F8029F11DFC0097367F /* AppDelegate.m */ = {isa = PBXFileReference; lastKnownFileType = sourcecode.c.objc; path = AppDelegate.m; sourceTree = "<group>"; };
		B66F6F8229F11DFC0097367F /* SceneDelegate.h */ = {isa = PBXFileReference; lastKnownFileType = sourcecode.c.h; path = SceneDelegate.h; sourceTree = "<group>"; };
		B66F6F8329F11DFC0097367F /* SceneDelegate.m */ = {isa = PBXFileReference; lastKnownFileType = sourcecode.c.objc; path = SceneDelegate.m; sourceTree = "<group>"; };
		B66F6F8529F11DFC0097367F /* ViewController.h */ = {isa = PBXFileReference; lastKnownFileType = sourcecode.c.h; path = ViewController.h; sourceTree = "<group>"; };
		B66F6F8629F11DFC0097367F /* ViewController.m */ = {isa = PBXFileReference; lastKnownFileType = sourcecode.c.objc; path = ViewController.m; sourceTree = "<group>"; };
		B66F6F8929F11DFC0097367F /* Base */ = {isa = PBXFileReference; lastKnownFileType = file.storyboard; name = Base; path = Base.lproj/Main.storyboard; sourceTree = "<group>"; };
		B66F6F8B29F11DFE0097367F /* Assets.xcassets */ = {isa = PBXFileReference; lastKnownFileType = folder.assetcatalog; path = Assets.xcassets; sourceTree = "<group>"; };
		B66F6F8E29F11DFE0097367F /* Base */ = {isa = PBXFileReference; lastKnownFileType = file.storyboard; name = Base; path = Base.lproj/LaunchScreen.storyboard; sourceTree = "<group>"; };
		B66F6F9029F11DFE0097367F /* Info.plist */ = {isa = PBXFileReference; lastKnownFileType = text.plist.xml; path = Info.plist; sourceTree = "<group>"; };
		B66F6F9129F11DFE0097367F /* main.m */ = {isa = PBXFileReference; lastKnownFileType = sourcecode.c.objc; path = main.m; sourceTree = "<group>"; };
		B66F6F9929F128010097367F /* CustomView.h */ = {isa = PBXFileReference; lastKnownFileType = sourcecode.c.h; path = CustomView.h; sourceTree = "<group>"; };
		B66F6F9A29F128010097367F /* CustomView.m */ = {isa = PBXFileReference; lastKnownFileType = sourcecode.c.objc; path = CustomView.m; sourceTree = "<group>"; };
		B670BB2629F62E660067F842 /* RecommendeViewController.h */ = {isa = PBXFileReference; lastKnownFileType = sourcecode.c.h; path = RecommendeViewController.h; sourceTree = "<group>"; };
		B670BB2729F62E660067F842 /* RecommendeViewController.m */ = {isa = PBXFileReference; lastKnownFileType = sourcecode.c.objc; path = RecommendeViewController.m; sourceTree = "<group>"; };
		B670BB2929F65DF60067F842 /* HomeTableViewCell.h */ = {isa = PBXFileReference; lastKnownFileType = sourcecode.c.h; path = HomeTableViewCell.h; sourceTree = "<group>"; };
		B670BB2A29F65DF60067F842 /* HomeTableViewCell.m */ = {isa = PBXFileReference; lastKnownFileType = sourcecode.c.objc; path = HomeTableViewCell.m; sourceTree = "<group>"; };
		B670BB2C29F6B2E30067F842 /* DetailViewController.h */ = {isa = PBXFileReference; lastKnownFileType = sourcecode.c.h; path = DetailViewController.h; sourceTree = "<group>"; };
		B670BB2D29F6B2E30067F842 /* DetailViewController.m */ = {isa = PBXFileReference; lastKnownFileType = sourcecode.c.objc; path = DetailViewController.m; sourceTree = "<group>"; };
		B6B8376F29F530DE002E9018 /* VideoViewController.h */ = {isa = PBXFileReference; lastKnownFileType = sourcecode.c.h; path = VideoViewController.h; sourceTree = "<group>"; };
		B6B8377029F530DE002E9018 /* VideoViewController.m */ = {isa = PBXFileReference; lastKnownFileType = sourcecode.c.objc; path = VideoViewController.m; sourceTree = "<group>"; };
		B6D5D0D629F23914002F938F /* icon.bundle */ = {isa = PBXFileReference; lastKnownFileType = "wrapper.plug-in"; name = icon.bundle; path = "../../../../Downloads/geektime-ios-course-master/project/SampleApp/icon.bundle"; sourceTree = "<group>"; };
/* End PBXFileReference section */

/* Begin PBXFrameworksBuildPhase section */
		B66F6F7929F11DFC0097367F /* Frameworks */ = {
			isa = PBXFrameworksBuildPhase;
			buildActionMask = 2147483647;
			files = (
			);
			runOnlyForDeploymentPostprocessing = 0;
		};
/* End PBXFrameworksBuildPhase section */

/* Begin PBXGroup section */
		B66F6F7329F11DFC0097367F = {
			isa = PBXGroup;
			children = (
				B66F6F7E29F11DFC0097367F /* app-oc */,
				B66F6F7D29F11DFC0097367F /* Products */,
			);
			sourceTree = "<group>";
		};
		B66F6F7D29F11DFC0097367F /* Products */ = {
			isa = PBXGroup;
			children = (
				B66F6F7C29F11DFC0097367F /* app-oc.app */,
			);
			name = Products;
			sourceTree = "<group>";
		};
		B66F6F7E29F11DFC0097367F /* app-oc */ = {
			isa = PBXGroup;
			children = (
				B6D5D0D629F23914002F938F /* icon.bundle */,
				B66F6F9C29F12BCE0097367F /* controller */,
				B66F6F9829F1279B0097367F /* view */,
				B66F6F7F29F11DFC0097367F /* AppDelegate.h */,
				B66F6F8029F11DFC0097367F /* AppDelegate.m */,
				B66F6F8229F11DFC0097367F /* SceneDelegate.h */,
				B66F6F8329F11DFC0097367F /* SceneDelegate.m */,
				B66F6F8529F11DFC0097367F /* ViewController.h */,
				B66F6F8629F11DFC0097367F /* ViewController.m */,
				B66F6F8829F11DFC0097367F /* Main.storyboard */,
				B66F6F8B29F11DFE0097367F /* Assets.xcassets */,
				B66F6F8D29F11DFE0097367F /* LaunchScreen.storyboard */,
				B66F6F9029F11DFE0097367F /* Info.plist */,
				B66F6F9129F11DFE0097367F /* main.m */,
			);
			path = "app-oc";
			sourceTree = "<group>";
		};
		B66F6F9829F1279B0097367F /* view */ = {
			isa = PBXGroup;
			children = (
				B66F6F9929F128010097367F /* CustomView.h */,
				B66F6F9A29F128010097367F /* CustomView.m */,
				B670BB2929F65DF60067F842 /* HomeTableViewCell.h */,
				B670BB2A29F65DF60067F842 /* HomeTableViewCell.m */,
			);
			path = view;
			sourceTree = "<group>";
		};
		B66F6F9C29F12BCE0097367F /* controller */ = {
			isa = PBXGroup;
			children = (
				B6B8376F29F530DE002E9018 /* VideoViewController.h */,
				B6B8377029F530DE002E9018 /* VideoViewController.m */,
				B670BB2629F62E660067F842 /* RecommendeViewController.h */,
				B670BB2729F62E660067F842 /* RecommendeViewController.m */,
				B670BB2C29F6B2E30067F842 /* DetailViewController.h */,
				B670BB2D29F6B2E30067F842 /* DetailViewController.m */,
			);
			path = controller;
			sourceTree = "<group>";
		};
/* End PBXGroup section */

/* Begin PBXNativeTarget section */
		B66F6F7B29F11DFC0097367F /* app-oc */ = {
			isa = PBXNativeTarget;
			buildConfigurationList = B66F6F9529F11DFE0097367F /* Build configuration list for PBXNativeTarget "app-oc" */;
			buildPhases = (
				B66F6F7829F11DFC0097367F /* Sources */,
				B66F6F7929F11DFC0097367F /* Frameworks */,
				B66F6F7A29F11DFC0097367F /* Resources */,
			);
			buildRules = (
			);
			dependencies = (
			);
			name = "app-oc";
			productName = "app-oc";
			productReference = B66F6F7C29F11DFC0097367F /* app-oc.app */;
			productType = "com.apple.product-type.application";
		};
/* End PBXNativeTarget section */

/* Begin PBXProject section */
		B66F6F7429F11DFC0097367F /* Project object */ = {
			isa = PBXProject;
			attributes = {
				BuildIndependentTargetsInParallel = 1;
				LastUpgradeCheck = 1300;
				TargetAttributes = {
					B66F6F7B29F11DFC0097367F = {
						CreatedOnToolsVersion = 13.0;
					};
				};
			};
			buildConfigurationList = B66F6F7729F11DFC0097367F /* Build configuration list for PBXProject "app-oc" */;
			compatibilityVersion = "Xcode 13.0";
			developmentRegion = en;
			hasScannedForEncodings = 0;
			knownRegions = (
				en,
				Base,
			);
			mainGroup = B66F6F7329F11DFC0097367F;
			productRefGroup = B66F6F7D29F11DFC0097367F /* Products */;
			projectDirPath = "";
			projectRoot = "";
			targets = (
				B66F6F7B29F11DFC0097367F /* app-oc */,
			);
		};
/* End PBXProject section */

/* Begin PBXResourcesBuildPhase section */
		B66F6F7A29F11DFC0097367F /* Resources */ = {
			isa = PBXResourcesBuildPhase;
			buildActionMask = 2147483647;
			files = (
				B6D5D0D729F23914002F938F /* icon.bundle in Resources */,
				B66F6F8F29F11DFE0097367F /* LaunchScreen.storyboard in Resources */,
				B66F6F8C29F11DFE0097367F /* Assets.xcassets in Resources */,
				B66F6F8A29F11DFC0097367F /* Main.storyboard in Resources */,
			);
			runOnlyForDeploymentPostprocessing = 0;
		};
/* End PBXResourcesBuildPhase section */

/* Begin PBXSourcesBuildPhase section */
		B66F6F7829F11DFC0097367F /* Sources */ = {
			isa = PBXSourcesBuildPhase;
			buildActionMask = 2147483647;
			files = (
				B66F6F9B29F128010097367F /* CustomView.m in Sources */,
				B66F6F8729F11DFC0097367F /* ViewController.m in Sources */,
				B670BB2E29F6B2E30067F842 /* DetailViewController.m in Sources */,
				B670BB2B29F65DF60067F842 /* HomeTableViewCell.m in Sources */,
				B6B8377129F530DE002E9018 /* VideoViewController.m in Sources */,
				B670BB2829F62E660067F842 /* RecommendeViewController.m in Sources */,
				B66F6F8129F11DFC0097367F /* AppDelegate.m in Sources */,
				B66F6F9229F11DFE0097367F /* main.m in Sources */,
				B66F6F8429F11DFC0097367F /* SceneDelegate.m in Sources */,
			);
			runOnlyForDeploymentPostprocessing = 0;
		};
/* End PBXSourcesBuildPhase section */

/* Begin PBXVariantGroup section */
		B66F6F8829F11DFC0097367F /* Main.storyboard */ = {
			isa = PBXVariantGroup;
			children = (
				B66F6F8929F11DFC0097367F /* Base */,
			);
			name = Main.storyboard;
			sourceTree = "<group>";
		};
		B66F6F8D29F11DFE0097367F /* LaunchScreen.storyboard */ = {
			isa = PBXVariantGroup;
			children = (
				B66F6F8E29F11DFE0097367F /* Base */,
			);
			name = LaunchScreen.storyboard;
			sourceTree = "<group>";
		};
/* End PBXVariantGroup section */

/* Begin XCBuildConfiguration section */
		B66F6F9329F11DFE0097367F /* Debug */ = {
			isa = XCBuildConfiguration;
			buildSettings = {
				ALWAYS_SEARCH_USER_PATHS = NO;
				CLANG_ANALYZER_NONNULL = YES;
				CLANG_ANALYZER_NUMBER_OBJECT_CONVERSION = YES_AGGRESSIVE;
				CLANG_CXX_LANGUAGE_STANDARD = "gnu++17";
				CLANG_CXX_LIBRARY = "libc++";
				CLANG_ENABLE_MODULES = YES;
				CLANG_ENABLE_OBJC_ARC = YES;
				CLANG_ENABLE_OBJC_WEAK = YES;
				CLANG_WARN_BLOCK_CAPTURE_AUTORELEASING = YES;
				CLANG_WARN_BOOL_CONVERSION = YES;
				CLANG_WARN_COMMA = YES;
				CLANG_WARN_CONSTANT_CONVERSION = YES;
				CLANG_WARN_DEPRECATED_OBJC_IMPLEMENTATIONS = YES;
				CLANG_WARN_DIRECT_OBJC_ISA_USAGE = YES_ERROR;
				CLANG_WARN_DOCUMENTATION_COMMENTS = YES;
				CLANG_WARN_EMPTY_BODY = YES;
				CLANG_WARN_ENUM_CONVERSION = YES;
				CLANG_WARN_INFINITE_RECURSION = YES;
				CLANG_WARN_INT_CONVERSION = YES;
				CLANG_WARN_NON_LITERAL_NULL_CONVERSION = YES;
				CLANG_WARN_OBJC_IMPLICIT_RETAIN_SELF = YES;
				CLANG_WARN_OBJC_LITERAL_CONVERSION = YES;
				CLANG_WARN_OBJC_ROOT_CLASS = YES_ERROR;
				CLANG_WARN_QUOTED_INCLUDE_IN_FRAMEWORK_HEADER = YES;
				CLANG_WARN_RANGE_LOOP_ANALYSIS = YES;
				CLANG_WARN_STRICT_PROTOTYPES = YES;
				CLANG_WARN_SUSPICIOUS_MOVE = YES;
				CLANG_WARN_UNGUARDED_AVAILABILITY = YES_AGGRESSIVE;
				CLANG_WARN_UNREACHABLE_CODE = YES;
				CLANG_WARN__DUPLICATE_METHOD_MATCH = YES;
				COPY_PHASE_STRIP = NO;
				DEBUG_INFORMATION_FORMAT = dwarf;
				ENABLE_STRICT_OBJC_MSGSEND = YES;
				ENABLE_TESTABILITY = YES;
				GCC_C_LANGUAGE_STANDARD = gnu11;
				GCC_DYNAMIC_NO_PIC = NO;
				GCC_NO_COMMON_BLOCKS = YES;
				GCC_OPTIMIZATION_LEVEL = 0;
				GCC_PREPROCESSOR_DEFINITIONS = (
					"DEBUG=1",
					"$(inherited)",
				);
				GCC_WARN_64_TO_32_BIT_CONVERSION = YES;
				GCC_WARN_ABOUT_RETURN_TYPE = YES_ERROR;
				GCC_WARN_UNDECLARED_SELECTOR = YES;
				GCC_WARN_UNINITIALIZED_AUTOS = YES_AGGRESSIVE;
				GCC_WARN_UNUSED_FUNCTION = YES;
				GCC_WARN_UNUSED_VARIABLE = YES;
				IPHONEOS_DEPLOYMENT_TARGET = 15.0;
				MTL_ENABLE_DEBUG_INFO = INCLUDE_SOURCE;
				MTL_FAST_MATH = YES;
				ONLY_ACTIVE_ARCH = YES;
				SDKROOT = iphoneos;
			};
			name = Debug;
		};
		B66F6F9429F11DFE0097367F /* Release */ = {
			isa = XCBuildConfiguration;
			buildSettings = {
				ALWAYS_SEARCH_USER_PATHS = NO;
				CLANG_ANALYZER_NONNULL = YES;
				CLANG_ANALYZER_NUMBER_OBJECT_CONVERSION = YES_AGGRESSIVE;
				CLANG_CXX_LANGUAGE_STANDARD = "gnu++17";
				CLANG_CXX_LIBRARY = "libc++";
				CLANG_ENABLE_MODULES = YES;
				CLANG_ENABLE_OBJC_ARC = YES;
				CLANG_ENABLE_OBJC_WEAK = YES;
				CLANG_WARN_BLOCK_CAPTURE_AUTORELEASING = YES;
				CLANG_WARN_BOOL_CONVERSION = YES;
				CLANG_WARN_COMMA = YES;
				CLANG_WARN_CONSTANT_CONVERSION = YES;
				CLANG_WARN_DEPRECATED_OBJC_IMPLEMENTATIONS = YES;
				CLANG_WARN_DIRECT_OBJC_ISA_USAGE = YES_ERROR;
				CLANG_WARN_DOCUMENTATION_COMMENTS = YES;
				CLANG_WARN_EMPTY_BODY = YES;
				CLANG_WARN_ENUM_CONVERSION = YES;
				CLANG_WARN_INFINITE_RECURSION = YES;
				CLANG_WARN_INT_CONVERSION = YES;
				CLANG_WARN_NON_LITERAL_NULL_CONVERSION = YES;
				CLANG_WARN_OBJC_IMPLICIT_RETAIN_SELF = YES;
				CLANG_WARN_OBJC_LITERAL_CONVERSION = YES;
				CLANG_WARN_OBJC_ROOT_CLASS = YES_ERROR;
				CLANG_WARN_QUOTED_INCLUDE_IN_FRAMEWORK_HEADER = YES;
				CLANG_WARN_RANGE_LOOP_ANALYSIS = YES;
				CLANG_WARN_STRICT_PROTOTYPES = YES;
				CLANG_WARN_SUSPICIOUS_MOVE = YES;
				CLANG_WARN_UNGUARDED_AVAILABILITY = YES_AGGRESSIVE;
				CLANG_WARN_UNREACHABLE_CODE = YES;
				CLANG_WARN__DUPLICATE_METHOD_MATCH = YES;
				COPY_PHASE_STRIP = NO;
				DEBUG_INFORMATION_FORMAT = "dwarf-with-dsym";
				ENABLE_NS_ASSERTIONS = NO;
				ENABLE_STRICT_OBJC_MSGSEND = YES;
				GCC_C_LANGUAGE_STANDARD = gnu11;
				GCC_NO_COMMON_BLOCKS = YES;
				GCC_WARN_64_TO_32_BIT_CONVERSION = YES;
				GCC_WARN_ABOUT_RETURN_TYPE = YES_ERROR;
				GCC_WARN_UNDECLARED_SELECTOR = YES;
				GCC_WARN_UNINITIALIZED_AUTOS = YES_AGGRESSIVE;
				GCC_WARN_UNUSED_FUNCTION = YES;
				GCC_WARN_UNUSED_VARIABLE = YES;
				IPHONEOS_DEPLOYMENT_TARGET = 15.0;
				MTL_ENABLE_DEBUG_INFO = NO;
				MTL_FAST_MATH = YES;
				SDKROOT = iphoneos;
				VALIDATE_PRODUCT = YES;
			};
			name = Release;
		};
		B66F6F9629F11DFE0097367F /* Debug */ = {
			isa = XCBuildConfiguration;
			buildSettings = {
				ASSETCATALOG_COMPILER_APPICON_NAME = AppIcon;
				ASSETCATALOG_COMPILER_GLOBAL_ACCENT_COLOR_NAME = AccentColor;
				CODE_SIGN_STYLE = Automatic;
				CURRENT_PROJECT_VERSION = 1;
				GENERATE_INFOPLIST_FILE = YES;
				INFOPLIST_FILE = "app-oc/Info.plist";
				INFOPLIST_KEY_UIApplicationSupportsIndirectInputEvents = YES;
				INFOPLIST_KEY_UILaunchStoryboardName = LaunchScreen;
				INFOPLIST_KEY_UIMainStoryboardFile = Main;
				INFOPLIST_KEY_UISupportedInterfaceOrientations_iPad = "UIInterfaceOrientationPortrait UIInterfaceOrientationPortraitUpsideDown UIInterfaceOrientationLandscapeLeft UIInterfaceOrientationLandscapeRight";
				INFOPLIST_KEY_UISupportedInterfaceOrientations_iPhone = "UIInterfaceOrientationPortrait UIInterfaceOrientationLandscapeLeft UIInterfaceOrientationLandscapeRight";
				LD_RUNPATH_SEARCH_PATHS = (
					"$(inherited)",
					"@executable_path/Frameworks",
				);
				MARKETING_VERSION = 1.0;
				PRODUCT_BUNDLE_IDENTIFIER = "haoxuan.app-oc";
				PRODUCT_NAME = "$(TARGET_NAME)";
				SWIFT_EMIT_LOC_STRINGS = YES;
				TARGETED_DEVICE_FAMILY = "1,2";
			};
			name = Debug;
		};
		B66F6F9729F11DFE0097367F /* Release */ = {
			isa = XCBuildConfiguration;
			buildSettings = {
				ASSETCATALOG_COMPILER_APPICON_NAME = AppIcon;
				ASSETCATALOG_COMPILER_GLOBAL_ACCENT_COLOR_NAME = AccentColor;
				CODE_SIGN_STYLE = Automatic;
				CURRENT_PROJECT_VERSION = 1;
				GENERATE_INFOPLIST_FILE = YES;
				INFOPLIST_FILE = "app-oc/Info.plist";
				INFOPLIST_KEY_UIApplicationSupportsIndirectInputEvents = YES;
				INFOPLIST_KEY_UILaunchStoryboardName = LaunchScreen;
				INFOPLIST_KEY_UIMainStoryboardFile = Main;
				INFOPLIST_KEY_UISupportedInterfaceOrientations_iPad = "UIInterfaceOrientationPortrait UIInterfaceOrientationPortraitUpsideDown UIInterfaceOrientationLandscapeLeft UIInterfaceOrientationLandscapeRight";
				INFOPLIST_KEY_UISupportedInterfaceOrientations_iPhone = "UIInterfaceOrientationPortrait UIInterfaceOrientationLandscapeLeft UIInterfaceOrientationLandscapeRight";
				LD_RUNPATH_SEARCH_PATHS = (
					"$(inherited)",
					"@executable_path/Frameworks",
				);
				MARKETING_VERSION = 1.0;
				PRODUCT_BUNDLE_IDENTIFIER = "haoxuan.app-oc";
				PRODUCT_NAME = "$(TARGET_NAME)";
				SWIFT_EMIT_LOC_STRINGS = YES;
				TARGETED_DEVICE_FAMILY = "1,2";
			};
			name = Release;
		};
/* End XCBuildConfiguration section */

/* Begin XCConfigurationList section */
		B66F6F7729F11DFC0097367F /* Build configuration list for PBXProject "app-oc" */ = {
			isa = XCConfigurationList;
			buildConfigurations = (
				B66F6F9329F11DFE0097367F /* Debug */,
				B66F6F9429F11DFE0097367F /* Release */,
			);
			defaultConfigurationIsVisible = 0;
			defaultConfigurationName = Release;
		};
		B66F6F9529F11DFE0097367F /* Build configuration list for PBXNativeTarget "app-oc" */ = {
			isa = XCConfigurationList;
			buildConfigurations = (
				B66F6F9629F11DFE0097367F /* Debug */,
				B66F6F9729F11DFE0097367F /* Release */,
			);
			defaultConfigurationIsVisible = 0;
			defaultConfigurationName = Release;
		};
/* End XCConfigurationList section */
	};
	rootObject = B66F6F7429F11DFC0097367F /* Project object */;
}
