// !$*UTF8*$!
{
	archiveVersion = 1;
	classes = {
	};
	objectVersion = 55;
	objects = {

/* Begin PBXBuildFile section */
		B65989CD281BB70C00C7EB51 /* main.m in Sources */ = {isa = PBXBuildFile; fileRef = B65989CC281BB70C00C7EB51 /* main.m */; };
		B65989DF281BC26800C7EB51 /* 002-other-header.m in Sources */ = {isa = PBXBuildFile; fileRef = B65989DC281BC01100C7EB51 /* 002-other-header.m */; };
		B65989E1281BC55800C7EB51 /* 002-other-header.h in Sources */ = {isa = PBXBuildFile; fileRef = B65989DE281BC02000C7EB51 /* 002-other-header.h */; };
/* End PBXBuildFile section */

/* Begin PBXCopyFilesBuildPhase section */
		B65989C7281BB70C00C7EB51 /* CopyFiles */ = {
			isa = PBXCopyFilesBuildPhase;
			buildActionMask = 2147483647;
			dstPath = /usr/share/man/man1/;
			dstSubfolderSpec = 0;
			files = (
			);
			runOnlyForDeploymentPostprocessing = 1;
		};
/* End PBXCopyFilesBuildPhase section */

/* Begin PBXFileReference section */
		B6400BCD283230C20089D15F /* 010-self.m */ = {isa = PBXFileReference; lastKnownFileType = sourcecode.c.objc; path = "010-self.m"; sourceTree = "<group>"; };
		B64C5358282E5B7F00CAEBC2 /* 009-类方法.m */ = {isa = PBXFileReference; lastKnownFileType = sourcecode.c.objc; path = "009-类方法.m"; sourceTree = "<group>"; };
		B657E26F282BD50A00309A4E /* 008-对象封装.m */ = {isa = PBXFileReference; lastKnownFileType = sourcecode.c.objc; path = "008-对象封装.m"; sourceTree = "<group>"; };
		B65989C9281BB70C00C7EB51 /* objective_c */ = {isa = PBXFileReference; explicitFileType = "compiled.mach-o.executable"; includeInIndex = 0; path = objective_c; sourceTree = BUILT_PRODUCTS_DIR; };
		B65989CC281BB70C00C7EB51 /* main.m */ = {isa = PBXFileReference; lastKnownFileType = sourcecode.c.objc; path = main.m; sourceTree = "<group>"; };
		B65989D3281BBD0F00C7EB51 /* 001-Objective-c程序.m */ = {isa = PBXFileReference; lastKnownFileType = sourcecode.c.objc; path = "001-Objective-c程序.m"; sourceTree = "<group>"; };
		B65989DC281BC01100C7EB51 /* 002-other-header.m */ = {isa = PBXFileReference; lastKnownFileType = sourcecode.c.objc; path = "002-other-header.m"; sourceTree = "<group>"; };
		B65989DE281BC02000C7EB51 /* 002-other-header.h */ = {isa = PBXFileReference; lastKnownFileType = sourcecode.c.h; path = "002-other-header.h"; sourceTree = "<group>"; };
		B65989E3281BC81200C7EB51 /* 003-BOOL类型的本质.m */ = {isa = PBXFileReference; lastKnownFileType = sourcecode.c.objc; path = "003-BOOL类型的本质.m"; sourceTree = "<group>"; };
		B65989E5281BCA9700C7EB51 /* 004-OC类的学习.m */ = {isa = PBXFileReference; lastKnownFileType = sourcecode.c.objc; path = "004-OC类的学习.m"; sourceTree = "<group>"; };
		B65989E7281BD9CC00C7EB51 /* 005-OC对象跟函数.m */ = {isa = PBXFileReference; lastKnownFileType = sourcecode.c.objc; path = "005-OC对象跟函数.m"; sourceTree = "<group>"; };
		B65AF63D281BE6F7001DAD6F /* 006-OC枚举.m */ = {isa = PBXFileReference; lastKnownFileType = sourcecode.c.objc; path = "006-OC枚举.m"; sourceTree = "<group>"; };
		B684FCDB2823B0CE00503A20 /* 007-OC类方法参数.m */ = {isa = PBXFileReference; lastKnownFileType = sourcecode.c.objc; path = "007-OC类方法参数.m"; sourceTree = "<group>"; };
		B6E4749E2833B59400D273F0 /* 011-继承和组合.m */ = {isa = PBXFileReference; lastKnownFileType = sourcecode.c.objc; path = "011-继承和组合.m"; sourceTree = "<group>"; };
		B6E474A02833C51900D273F0 /* 012-多态.m */ = {isa = PBXFileReference; lastKnownFileType = sourcecode.c.objc; path = "012-多态.m"; sourceTree = "<group>"; };
/* End PBXFileReference section */

/* Begin PBXFrameworksBuildPhase section */
		B65989C6281BB70C00C7EB51 /* Frameworks */ = {
			isa = PBXFrameworksBuildPhase;
			buildActionMask = 2147483647;
			files = (
			);
			runOnlyForDeploymentPostprocessing = 0;
		};
/* End PBXFrameworksBuildPhase section */

/* Begin PBXGroup section */
		B65989C0281BB70C00C7EB51 = {
			isa = PBXGroup;
			children = (
				B65989CB281BB70C00C7EB51 /* objective_c */,
				B65989CA281BB70C00C7EB51 /* Products */,
				B65989E2281BC6A300C7EB51 /* Frameworks */,
			);
			sourceTree = "<group>";
		};
		B65989CA281BB70C00C7EB51 /* Products */ = {
			isa = PBXGroup;
			children = (
				B65989C9281BB70C00C7EB51 /* objective_c */,
			);
			name = Products;
			sourceTree = "<group>";
		};
		B65989CB281BB70C00C7EB51 /* objective_c */ = {
			isa = PBXGroup;
			children = (
				B65989CC281BB70C00C7EB51 /* main.m */,
				B6E4749E2833B59400D273F0 /* 011-继承和组合.m */,
				B6E474A02833C51900D273F0 /* 012-多态.m */,
				B6400BCD283230C20089D15F /* 010-self.m */,
				B64C5358282E5B7F00CAEBC2 /* 009-类方法.m */,
				B657E26F282BD50A00309A4E /* 008-对象封装.m */,
				B684FCDB2823B0CE00503A20 /* 007-OC类方法参数.m */,
				B65AF63D281BE6F7001DAD6F /* 006-OC枚举.m */,
				B65989E7281BD9CC00C7EB51 /* 005-OC对象跟函数.m */,
				B65989E5281BCA9700C7EB51 /* 004-OC类的学习.m */,
				B65989E3281BC81200C7EB51 /* 003-BOOL类型的本质.m */,
				B65989D3281BBD0F00C7EB51 /* 001-Objective-c程序.m */,
				B65989DC281BC01100C7EB51 /* 002-other-header.m */,
				B65989DE281BC02000C7EB51 /* 002-other-header.h */,
			);
			path = objective_c;
			sourceTree = "<group>";
		};
		B65989E2281BC6A300C7EB51 /* Frameworks */ = {
			isa = PBXGroup;
			children = (
			);
			name = Frameworks;
			sourceTree = "<group>";
		};
/* End PBXGroup section */

/* Begin PBXNativeTarget section */
		B65989C8281BB70C00C7EB51 /* objective_c */ = {
			isa = PBXNativeTarget;
			buildConfigurationList = B65989D0281BB70C00C7EB51 /* Build configuration list for PBXNativeTarget "objective_c" */;
			buildPhases = (
				B65989C5281BB70C00C7EB51 /* Sources */,
				B65989C6281BB70C00C7EB51 /* Frameworks */,
				B65989C7281BB70C00C7EB51 /* CopyFiles */,
			);
			buildRules = (
			);
			dependencies = (
			);
			name = objective_c;
			productName = objective_c;
			productReference = B65989C9281BB70C00C7EB51 /* objective_c */;
			productType = "com.apple.product-type.tool";
		};
/* End PBXNativeTarget section */

/* Begin PBXProject section */
		B65989C1281BB70C00C7EB51 /* Project object */ = {
			isa = PBXProject;
			attributes = {
				BuildIndependentTargetsInParallel = 1;
				LastUpgradeCheck = 1300;
				TargetAttributes = {
					B65989C8281BB70C00C7EB51 = {
						CreatedOnToolsVersion = 13.0;
					};
				};
			};
			buildConfigurationList = B65989C4281BB70C00C7EB51 /* Build configuration list for PBXProject "objective_c" */;
			compatibilityVersion = "Xcode 13.0";
			developmentRegion = en;
			hasScannedForEncodings = 0;
			knownRegions = (
				en,
				Base,
			);
			mainGroup = B65989C0281BB70C00C7EB51;
			productRefGroup = B65989CA281BB70C00C7EB51 /* Products */;
			projectDirPath = "";
			projectRoot = "";
			targets = (
				B65989C8281BB70C00C7EB51 /* objective_c */,
			);
		};
/* End PBXProject section */

/* Begin PBXSourcesBuildPhase section */
		B65989C5281BB70C00C7EB51 /* Sources */ = {
			isa = PBXSourcesBuildPhase;
			buildActionMask = 2147483647;
			files = (
				B65989E1281BC55800C7EB51 /* 002-other-header.h in Sources */,
				B65989DF281BC26800C7EB51 /* 002-other-header.m in Sources */,
				B65989CD281BB70C00C7EB51 /* main.m in Sources */,
			);
			runOnlyForDeploymentPostprocessing = 0;
		};
/* End PBXSourcesBuildPhase section */

/* Begin XCBuildConfiguration section */
		B65989CE281BB70C00C7EB51 /* Debug */ = {
			isa = XCBuildConfiguration;
			buildSettings = {
				ALWAYS_SEARCH_USER_PATHS = NO;
				CLANG_ANALYZER_NONNULL = YES;
				CLANG_ANALYZER_NUMBER_OBJECT_CONVERSION = YES_AGGRESSIVE;
				CLANG_CXX_LANGUAGE_STANDARD = "gnu++17";
				CLANG_CXX_LIBRARY = "libc++";
				CLANG_ENABLE_MODULES = YES;
				CLANG_ENABLE_OBJC_ARC = YES;
				CLANG_ENABLE_OBJC_WEAK = YES;
				CLANG_WARN_BLOCK_CAPTURE_AUTORELEASING = YES;
				CLANG_WARN_BOOL_CONVERSION = YES;
				CLANG_WARN_COMMA = YES;
				CLANG_WARN_CONSTANT_CONVERSION = YES;
				CLANG_WARN_DEPRECATED_OBJC_IMPLEMENTATIONS = YES;
				CLANG_WARN_DIRECT_OBJC_ISA_USAGE = YES_ERROR;
				CLANG_WARN_DOCUMENTATION_COMMENTS = YES;
				CLANG_WARN_EMPTY_BODY = YES;
				CLANG_WARN_ENUM_CONVERSION = YES;
				CLANG_WARN_INFINITE_RECURSION = YES;
				CLANG_WARN_INT_CONVERSION = YES;
				CLANG_WARN_NON_LITERAL_NULL_CONVERSION = YES;
				CLANG_WARN_OBJC_IMPLICIT_RETAIN_SELF = YES;
				CLANG_WARN_OBJC_LITERAL_CONVERSION = YES;
				CLANG_WARN_OBJC_ROOT_CLASS = YES_ERROR;
				CLANG_WARN_QUOTED_INCLUDE_IN_FRAMEWORK_HEADER = YES;
				CLANG_WARN_RANGE_LOOP_ANALYSIS = YES;
				CLANG_WARN_STRICT_PROTOTYPES = YES;
				CLANG_WARN_SUSPICIOUS_MOVE = YES;
				CLANG_WARN_UNGUARDED_AVAILABILITY = YES_AGGRESSIVE;
				CLANG_WARN_UNREACHABLE_CODE = YES;
				CLANG_WARN__DUPLICATE_METHOD_MATCH = YES;
				COPY_PHASE_STRIP = NO;
				DEBUG_INFORMATION_FORMAT = dwarf;
				ENABLE_STRICT_OBJC_MSGSEND = YES;
				ENABLE_TESTABILITY = YES;
				GCC_C_LANGUAGE_STANDARD = gnu11;
				GCC_DYNAMIC_NO_PIC = NO;
				GCC_NO_COMMON_BLOCKS = YES;
				GCC_OPTIMIZATION_LEVEL = 0;
				GCC_PREPROCESSOR_DEFINITIONS = (
					"DEBUG=1",
					"$(inherited)",
				);
				GCC_WARN_64_TO_32_BIT_CONVERSION = YES;
				GCC_WARN_ABOUT_RETURN_TYPE = YES_ERROR;
				GCC_WARN_UNDECLARED_SELECTOR = YES;
				GCC_WARN_UNINITIALIZED_AUTOS = YES_AGGRESSIVE;
				GCC_WARN_UNUSED_FUNCTION = YES;
				GCC_WARN_UNUSED_VARIABLE = YES;
				MACOSX_DEPLOYMENT_TARGET = 11.3;
				MTL_ENABLE_DEBUG_INFO = INCLUDE_SOURCE;
				MTL_FAST_MATH = YES;
				ONLY_ACTIVE_ARCH = YES;
				SDKROOT = macosx;
			};
			name = Debug;
		};
		B65989CF281BB70C00C7EB51 /* Release */ = {
			isa = XCBuildConfiguration;
			buildSettings = {
				ALWAYS_SEARCH_USER_PATHS = NO;
				CLANG_ANALYZER_NONNULL = YES;
				CLANG_ANALYZER_NUMBER_OBJECT_CONVERSION = YES_AGGRESSIVE;
				CLANG_CXX_LANGUAGE_STANDARD = "gnu++17";
				CLANG_CXX_LIBRARY = "libc++";
				CLANG_ENABLE_MODULES = YES;
				CLANG_ENABLE_OBJC_ARC = YES;
				CLANG_ENABLE_OBJC_WEAK = YES;
				CLANG_WARN_BLOCK_CAPTURE_AUTORELEASING = YES;
				CLANG_WARN_BOOL_CONVERSION = YES;
				CLANG_WARN_COMMA = YES;
				CLANG_WARN_CONSTANT_CONVERSION = YES;
				CLANG_WARN_DEPRECATED_OBJC_IMPLEMENTATIONS = YES;
				CLANG_WARN_DIRECT_OBJC_ISA_USAGE = YES_ERROR;
				CLANG_WARN_DOCUMENTATION_COMMENTS = YES;
				CLANG_WARN_EMPTY_BODY = YES;
				CLANG_WARN_ENUM_CONVERSION = YES;
				CLANG_WARN_INFINITE_RECURSION = YES;
				CLANG_WARN_INT_CONVERSION = YES;
				CLANG_WARN_NON_LITERAL_NULL_CONVERSION = YES;
				CLANG_WARN_OBJC_IMPLICIT_RETAIN_SELF = YES;
				CLANG_WARN_OBJC_LITERAL_CONVERSION = YES;
				CLANG_WARN_OBJC_ROOT_CLASS = YES_ERROR;
				CLANG_WARN_QUOTED_INCLUDE_IN_FRAMEWORK_HEADER = YES;
				CLANG_WARN_RANGE_LOOP_ANALYSIS = YES;
				CLANG_WARN_STRICT_PROTOTYPES = YES;
				CLANG_WARN_SUSPICIOUS_MOVE = YES;
				CLANG_WARN_UNGUARDED_AVAILABILITY = YES_AGGRESSIVE;
				CLANG_WARN_UNREACHABLE_CODE = YES;
				CLANG_WARN__DUPLICATE_METHOD_MATCH = YES;
				COPY_PHASE_STRIP = NO;
				DEBUG_INFORMATION_FORMAT = "dwarf-with-dsym";
				ENABLE_NS_ASSERTIONS = NO;
				ENABLE_STRICT_OBJC_MSGSEND = YES;
				GCC_C_LANGUAGE_STANDARD = gnu11;
				GCC_NO_COMMON_BLOCKS = YES;
				GCC_WARN_64_TO_32_BIT_CONVERSION = YES;
				GCC_WARN_ABOUT_RETURN_TYPE = YES_ERROR;
				GCC_WARN_UNDECLARED_SELECTOR = YES;
				GCC_WARN_UNINITIALIZED_AUTOS = YES_AGGRESSIVE;
				GCC_WARN_UNUSED_FUNCTION = YES;
				GCC_WARN_UNUSED_VARIABLE = YES;
				MACOSX_DEPLOYMENT_TARGET = 11.3;
				MTL_ENABLE_DEBUG_INFO = NO;
				MTL_FAST_MATH = YES;
				SDKROOT = macosx;
			};
			name = Release;
		};
		B65989D1281BB70C00C7EB51 /* Debug */ = {
			isa = XCBuildConfiguration;
			buildSettings = {
				CODE_SIGN_STYLE = Automatic;
				PRODUCT_NAME = "$(TARGET_NAME)";
			};
			name = Debug;
		};
		B65989D2281BB70C00C7EB51 /* Release */ = {
			isa = XCBuildConfiguration;
			buildSettings = {
				CODE_SIGN_STYLE = Automatic;
				PRODUCT_NAME = "$(TARGET_NAME)";
			};
			name = Release;
		};
/* End XCBuildConfiguration section */

/* Begin XCConfigurationList section */
		B65989C4281BB70C00C7EB51 /* Build configuration list for PBXProject "objective_c" */ = {
			isa = XCConfigurationList;
			buildConfigurations = (
				B65989CE281BB70C00C7EB51 /* Debug */,
				B65989CF281BB70C00C7EB51 /* Release */,
			);
			defaultConfigurationIsVisible = 0;
			defaultConfigurationName = Release;
		};
		B65989D0281BB70C00C7EB51 /* Build configuration list for PBXNativeTarget "objective_c" */ = {
			isa = XCConfigurationList;
			buildConfigurations = (
				B65989D1281BB70C00C7EB51 /* Debug */,
				B65989D2281BB70C00C7EB51 /* Release */,
			);
			defaultConfigurationIsVisible = 0;
			defaultConfigurationName = Release;
		};
/* End XCConfigurationList section */
	};
	rootObject = B65989C1281BB70C00C7EB51 /* Project object */;
}
