// !$*UTF8*$!
{
	archiveVersion = 1;
	classes = {
	};
	objectVersion = 55;
	objects = {

/* Begin PBXBuildFile section */
		B6A8C2A4297105C500C74472 /* 045-NSDate.m in Sources */ = {isa = PBXBuildFile; fileRef = B6A8C2A3297105C500C74472 /* 045-NSDate.m */; };
/* End PBXBuildFile section */

/* Begin PBXCopyFilesBuildPhase section */
		B65989C7281BB70C00C7EB51 /* CopyFiles */ = {
			isa = PBXCopyFilesBuildPhase;
			buildActionMask = 2147483647;
			dstPath = /usr/share/man/man1/;
			dstSubfolderSpec = 0;
			files = (
			);
			runOnlyForDeploymentPostprocessing = 1;
		};
/* End PBXCopyFilesBuildPhase section */

/* Begin PBXFileReference section */
		B602C8C72858AFB600626400 /* 014-NSString.m */ = {isa = PBXFileReference; lastKnownFileType = sourcecode.c.objc; path = "014-NSString.m"; sourceTree = "<group>"; };
		B60BE09429607F6B009E663A /* main.m */ = {isa = PBXFileReference; lastKnownFileType = sourcecode.c.objc; path = main.m; sourceTree = "<group>"; };
		B60BE09629628DE6009E663A /* 036-NSString.m */ = {isa = PBXFileReference; lastKnownFileType = sourcecode.c.objc; path = "036-NSString.m"; sourceTree = "<group>"; };
		B60BE0982962ED76009E663A /* 037-NSMutableString.m */ = {isa = PBXFileReference; lastKnownFileType = sourcecode.c.objc; path = "037-NSMutableString.m"; sourceTree = "<group>"; };
		B610C0E5290950BF00C43A4B /* main.m */ = {isa = PBXFileReference; lastKnownFileType = sourcecode.c.objc; path = main.m; sourceTree = "<group>"; };
		B619278F290FF65D003113C8 /* main.m */ = {isa = PBXFileReference; lastKnownFileType = sourcecode.c.objc; path = main.m; sourceTree = "<group>"; };
		B6192791290FF6D1003113C8 /* Human.h */ = {isa = PBXFileReference; lastKnownFileType = sourcecode.c.h; path = Human.h; sourceTree = "<group>"; };
		B6192792290FF6D1003113C8 /* Human.m */ = {isa = PBXFileReference; lastKnownFileType = sourcecode.c.objc; path = Human.m; sourceTree = "<group>"; };
		B6192797290FFA41003113C8 /* Bird.h */ = {isa = PBXFileReference; lastKnownFileType = sourcecode.c.h; path = Bird.h; sourceTree = "<group>"; };
		B6192798290FFA41003113C8 /* Bird.m */ = {isa = PBXFileReference; lastKnownFileType = sourcecode.c.objc; path = Bird.m; sourceTree = "<group>"; };
		B6251171296FD6B200B4C961 /* 042-NSDictionary.m */ = {isa = PBXFileReference; lastKnownFileType = sourcecode.c.objc; path = "042-NSDictionary.m"; sourceTree = "<group>"; };
		B625117329700FA000B4C961 /* 043-NSNumber.m */ = {isa = PBXFileReference; lastKnownFileType = sourcecode.c.objc; path = "043-NSNumber.m"; sourceTree = "<group>"; };
		B62511752970127800B4C961 /* 044-NSValue.m */ = {isa = PBXFileReference; lastKnownFileType = sourcecode.c.objc; path = "044-NSValue.m"; sourceTree = "<group>"; };
		B62E4AD7290AA83300E58A29 /* main.m */ = {isa = PBXFileReference; lastKnownFileType = sourcecode.c.objc; path = main.m; sourceTree = "<group>"; };
		B62E4AD9290AA8C300E58A29 /* IDCard.h */ = {isa = PBXFileReference; lastKnownFileType = sourcecode.c.h; path = IDCard.h; sourceTree = "<group>"; };
		B62E4ADA290AA8C300E58A29 /* IDCard.m */ = {isa = PBXFileReference; lastKnownFileType = sourcecode.c.objc; path = IDCard.m; sourceTree = "<group>"; };
		B62E4ADC290AA8D300E58A29 /* Human.h */ = {isa = PBXFileReference; lastKnownFileType = sourcecode.c.h; path = Human.h; sourceTree = "<group>"; };
		B62E4ADD290AA8D300E58A29 /* Human.m */ = {isa = PBXFileReference; lastKnownFileType = sourcecode.c.objc; path = Human.m; sourceTree = "<group>"; };
		B63D92B42844C3E400C79EAA /* 013-super.m */ = {isa = PBXFileReference; lastKnownFileType = sourcecode.c.objc; path = "013-super.m"; sourceTree = "<group>"; };
		B6400BCD283230C20089D15F /* 010-self.m */ = {isa = PBXFileReference; lastKnownFileType = sourcecode.c.objc; path = "010-self.m"; sourceTree = "<group>"; };
		B64C5358282E5B7F00CAEBC2 /* 009-类方法.m */ = {isa = PBXFileReference; lastKnownFileType = sourcecode.c.objc; path = "009-类方法.m"; sourceTree = "<group>"; };
		B657E26F282BD50A00309A4E /* 008-对象封装.m */ = {isa = PBXFileReference; lastKnownFileType = sourcecode.c.objc; path = "008-对象封装.m"; sourceTree = "<group>"; };
		B65989C9281BB70C00C7EB51 /* objective_c */ = {isa = PBXFileReference; explicitFileType = "compiled.mach-o.executable"; includeInIndex = 0; path = objective_c; sourceTree = BUILT_PRODUCTS_DIR; };
		B65989CC281BB70C00C7EB51 /* main.m */ = {isa = PBXFileReference; lastKnownFileType = sourcecode.c.objc; path = main.m; sourceTree = "<group>"; };
		B65989D3281BBD0F00C7EB51 /* 001-Objective-c程序.m */ = {isa = PBXFileReference; lastKnownFileType = sourcecode.c.objc; path = "001-Objective-c程序.m"; sourceTree = "<group>"; };
		B65989DC281BC01100C7EB51 /* 002_other_header.m */ = {isa = PBXFileReference; lastKnownFileType = sourcecode.c.objc; path = 002_other_header.m; sourceTree = "<group>"; };
		B65989DE281BC02000C7EB51 /* 002_other_header.h */ = {isa = PBXFileReference; lastKnownFileType = sourcecode.c.h; path = 002_other_header.h; sourceTree = "<group>"; };
		B65989E3281BC81200C7EB51 /* 003-BOOL类型的本质.m */ = {isa = PBXFileReference; lastKnownFileType = sourcecode.c.objc; path = "003-BOOL类型的本质.m"; sourceTree = "<group>"; };
		B65989E5281BCA9700C7EB51 /* 004-OC类的学习.m */ = {isa = PBXFileReference; lastKnownFileType = sourcecode.c.objc; path = "004-OC类的学习.m"; sourceTree = "<group>"; };
		B65989E7281BD9CC00C7EB51 /* 005-OC对象跟函数.m */ = {isa = PBXFileReference; lastKnownFileType = sourcecode.c.objc; path = "005-OC对象跟函数.m"; sourceTree = "<group>"; };
		B65AF63D281BE6F7001DAD6F /* 006-OC枚举.m */ = {isa = PBXFileReference; lastKnownFileType = sourcecode.c.objc; path = "006-OC枚举.m"; sourceTree = "<group>"; };
		B6651CCA28D575B4006AF8C7 /* Human001.h */ = {isa = PBXFileReference; lastKnownFileType = sourcecode.c.h; path = Human001.h; sourceTree = "<group>"; };
		B6651CCB28D575B4006AF8C7 /* Human001.m */ = {isa = PBXFileReference; lastKnownFileType = sourcecode.c.objc; path = Human001.m; sourceTree = "<group>"; };
		B6651CCD28D575EF006AF8C7 /* main.m */ = {isa = PBXFileReference; lastKnownFileType = sourcecode.c.objc; path = main.m; sourceTree = "<group>"; };
		B6651CD028D5B605006AF8C7 /* Hunman.h */ = {isa = PBXFileReference; lastKnownFileType = sourcecode.c.h; path = Hunman.h; sourceTree = "<group>"; };
		B6651CD128D5B605006AF8C7 /* Hunman.m */ = {isa = PBXFileReference; lastKnownFileType = sourcecode.c.objc; path = Hunman.m; sourceTree = "<group>"; };
		B6651CD328D5B61C006AF8C7 /* main.m */ = {isa = PBXFileReference; lastKnownFileType = sourcecode.c.objc; path = main.m; sourceTree = "<group>"; };
		B6651CD628D5D27C006AF8C7 /* main.m */ = {isa = PBXFileReference; lastKnownFileType = sourcecode.c.objc; path = main.m; sourceTree = "<group>"; };
		B6651CD828D5D298006AF8C7 /* Human.h */ = {isa = PBXFileReference; lastKnownFileType = sourcecode.c.h; path = Human.h; sourceTree = "<group>"; };
		B6651CD928D5D298006AF8C7 /* Human.m */ = {isa = PBXFileReference; lastKnownFileType = sourcecode.c.objc; path = Human.m; sourceTree = "<group>"; };
		B6651CDC28D618C9006AF8C7 /* main.m */ = {isa = PBXFileReference; lastKnownFileType = sourcecode.c.objc; path = main.m; sourceTree = "<group>"; };
		B6651CDE28D61B77006AF8C7 /* Human.h */ = {isa = PBXFileReference; lastKnownFileType = sourcecode.c.h; path = Human.h; sourceTree = "<group>"; };
		B6651CDF28D61B77006AF8C7 /* Human.m */ = {isa = PBXFileReference; lastKnownFileType = sourcecode.c.objc; path = Human.m; sourceTree = "<group>"; };
		B6651CE128D61C01006AF8C7 /* Book.h */ = {isa = PBXFileReference; lastKnownFileType = sourcecode.c.h; path = Book.h; sourceTree = "<group>"; };
		B6651CE228D61C01006AF8C7 /* Book.m */ = {isa = PBXFileReference; lastKnownFileType = sourcecode.c.objc; path = Book.m; sourceTree = "<group>"; };
		B67CFB0F290EAD04006DFEA2 /* main.m */ = {isa = PBXFileReference; lastKnownFileType = sourcecode.c.objc; path = main.m; sourceTree = "<group>"; };
		B67CFB11290EAD2F006DFEA2 /* Human.h */ = {isa = PBXFileReference; lastKnownFileType = sourcecode.c.h; path = Human.h; sourceTree = "<group>"; };
		B67CFB12290EAD2F006DFEA2 /* Human.m */ = {isa = PBXFileReference; lastKnownFileType = sourcecode.c.objc; path = Human.m; sourceTree = "<group>"; };
		B67CFB15290EBD41006DFEA2 /* main.m */ = {isa = PBXFileReference; lastKnownFileType = sourcecode.c.objc; path = main.m; sourceTree = "<group>"; };
		B67CFB17290EBD65006DFEA2 /* Human.h */ = {isa = PBXFileReference; lastKnownFileType = sourcecode.c.h; path = Human.h; sourceTree = "<group>"; };
		B67CFB18290EBD65006DFEA2 /* Human.m */ = {isa = PBXFileReference; lastKnownFileType = sourcecode.c.objc; path = Human.m; sourceTree = "<group>"; };
		B67CFB1A290EBD77006DFEA2 /* Student.h */ = {isa = PBXFileReference; lastKnownFileType = sourcecode.c.h; path = Student.h; sourceTree = "<group>"; };
		B67CFB1B290EBD77006DFEA2 /* Student.m */ = {isa = PBXFileReference; lastKnownFileType = sourcecode.c.objc; path = Student.m; sourceTree = "<group>"; };
		B684FCDB2823B0CE00503A20 /* 007-OC类方法参数.m */ = {isa = PBXFileReference; lastKnownFileType = sourcecode.c.objc; path = "007-OC类方法参数.m"; sourceTree = "<group>"; };
		B691E1E728A1466A00B2948B /* 016-@synthesize&@property.m */ = {isa = PBXFileReference; lastKnownFileType = sourcecode.c.objc; path = "016-@synthesize&@property.m"; sourceTree = "<group>"; };
		B691E1E928A1483C00B2948B /* 017-id.m */ = {isa = PBXFileReference; lastKnownFileType = sourcecode.c.objc; path = "017-id.m"; sourceTree = "<group>"; };
		B6A8C2A3297105C500C74472 /* 045-NSDate.m */ = {isa = PBXFileReference; lastKnownFileType = sourcecode.c.objc; path = "045-NSDate.m"; sourceTree = "<group>"; };
		B6AA1CF12911383E003AC0EB /* main.m */ = {isa = PBXFileReference; lastKnownFileType = sourcecode.c.objc; path = main.m; sourceTree = "<group>"; };
		B6AA1CF4291140E9003AC0EB /* main.m */ = {isa = PBXFileReference; lastKnownFileType = sourcecode.c.objc; path = main.m; sourceTree = "<group>"; };
		B6AA1CF629114170003AC0EB /* Human.h */ = {isa = PBXFileReference; lastKnownFileType = sourcecode.c.h; path = Human.h; sourceTree = "<group>"; };
		B6AA1CF729114231003AC0EB /* Student.h */ = {isa = PBXFileReference; lastKnownFileType = sourcecode.c.h; path = Student.h; sourceTree = "<group>"; };
		B6AA1CF829114231003AC0EB /* Student.m */ = {isa = PBXFileReference; lastKnownFileType = sourcecode.c.objc; path = Student.m; sourceTree = "<group>"; };
		B6AC49112969CA8300A0388A /* 039-CodeLine.m */ = {isa = PBXFileReference; lastKnownFileType = sourcecode.c.objc; path = "039-CodeLine.m"; sourceTree = "<group>"; };
		B6AC4913296B09BC00A0388A /* 040-NSMutableArray.m */ = {isa = PBXFileReference; lastKnownFileType = sourcecode.c.objc; path = "040-NSMutableArray.m"; sourceTree = "<group>"; };
		B6AC4915296B0D0C00A0388A /* 041-NSSet.m */ = {isa = PBXFileReference; lastKnownFileType = sourcecode.c.objc; path = "041-NSSet.m"; sourceTree = "<group>"; };
		B6B8225029460FCF0049601F /* Human002.h */ = {isa = PBXFileReference; lastKnownFileType = sourcecode.c.h; path = Human002.h; sourceTree = "<group>"; };
		B6B82251294612CD0049601F /* Human003.h */ = {isa = PBXFileReference; lastKnownFileType = sourcecode.c.h; path = Human003.h; sourceTree = "<group>"; };
		B6B822522946165C0049601F /* Animal.h */ = {isa = PBXFileReference; lastKnownFileType = sourcecode.c.h; path = Animal.h; sourceTree = "<group>"; };
		B6B822532946165C0049601F /* Animal.m */ = {isa = PBXFileReference; lastKnownFileType = sourcecode.c.objc; path = Animal.m; sourceTree = "<group>"; };
		B6B822552946185F0049601F /* Bird.h */ = {isa = PBXFileReference; lastKnownFileType = sourcecode.c.h; path = Bird.h; sourceTree = "<group>"; };
		B6B822562946185F0049601F /* Bird.m */ = {isa = PBXFileReference; lastKnownFileType = sourcecode.c.objc; path = Bird.m; sourceTree = "<group>"; };
		B6B82259294627DB0049601F /* Human.h */ = {isa = PBXFileReference; lastKnownFileType = sourcecode.c.h; path = Human.h; sourceTree = "<group>"; };
		B6B8225A294627DB0049601F /* Human.m */ = {isa = PBXFileReference; lastKnownFileType = sourcecode.c.objc; path = Human.m; sourceTree = "<group>"; };
		B6B8225C294627FA0049601F /* main.m */ = {isa = PBXFileReference; lastKnownFileType = sourcecode.c.objc; path = main.m; sourceTree = "<group>"; };
		B6B8225E294628F00049601F /* AngentProtocol.h */ = {isa = PBXFileReference; lastKnownFileType = sourcecode.c.h; path = AngentProtocol.h; sourceTree = "<group>"; };
		B6B8225F294629C20049601F /* Ticket.h */ = {isa = PBXFileReference; lastKnownFileType = sourcecode.c.h; path = Ticket.h; sourceTree = "<group>"; };
		B6B82260294629C20049601F /* Ticket.m */ = {isa = PBXFileReference; lastKnownFileType = sourcecode.c.objc; path = Ticket.m; sourceTree = "<group>"; };
		B6C042D928A8CE8D00BE5730 /* 018-构造方法.m */ = {isa = PBXFileReference; lastKnownFileType = sourcecode.c.objc; path = "018-构造方法.m"; sourceTree = "<group>"; };
		B6C042DB28A8E3F300BE5730 /* 019-自定义构造方法.m */ = {isa = PBXFileReference; lastKnownFileType = sourcecode.c.objc; path = "019-自定义构造方法.m"; sourceTree = "<group>"; };
		B6C042DE28A8E63100BE5730 /* main.m */ = {isa = PBXFileReference; lastKnownFileType = sourcecode.c.objc; path = main.m; sourceTree = "<group>"; };
		B6C042E628A8E87C00BE5730 /* Human001.h */ = {isa = PBXFileReference; lastKnownFileType = sourcecode.c.h; path = Human001.h; sourceTree = "<group>"; };
		B6C042E728A8E87C00BE5730 /* Human001.m */ = {isa = PBXFileReference; lastKnownFileType = sourcecode.c.objc; path = Human001.m; sourceTree = "<group>"; };
		B6C042E928A8E9F400BE5730 /* NSObject+Log.h */ = {isa = PBXFileReference; lastKnownFileType = sourcecode.c.h; path = "NSObject+Log.h"; sourceTree = "<group>"; };
		B6C042EA28A8E9F400BE5730 /* NSObject+Log.m */ = {isa = PBXFileReference; lastKnownFileType = sourcecode.c.objc; path = "NSObject+Log.m"; sourceTree = "<group>"; };
		B6C042ED28A8F28900BE5730 /* main.m */ = {isa = PBXFileReference; lastKnownFileType = sourcecode.c.objc; path = main.m; sourceTree = "<group>"; };
		B6C042EF28A8F2B500BE5730 /* NSString+Number.h */ = {isa = PBXFileReference; lastKnownFileType = sourcecode.c.h; path = "NSString+Number.h"; sourceTree = "<group>"; };
		B6C042F028A8F2B500BE5730 /* NSString+Number.m */ = {isa = PBXFileReference; lastKnownFileType = sourcecode.c.objc; path = "NSString+Number.m"; sourceTree = "<group>"; };
		B6CD9FCE289D0C4200BA631A /* 002_other_main.m */ = {isa = PBXFileReference; lastKnownFileType = sourcecode.c.objc; path = 002_other_main.m; sourceTree = "<group>"; };
		B6CD9FD1289D0F8100BA631A /* 015_dot_syntax.h */ = {isa = PBXFileReference; lastKnownFileType = sourcecode.c.h; path = 015_dot_syntax.h; sourceTree = "<group>"; };
		B6CD9FD2289D0F8100BA631A /* 015_dot_syntax.m */ = {isa = PBXFileReference; lastKnownFileType = sourcecode.c.objc; path = 015_dot_syntax.m; sourceTree = "<group>"; };
		B6CD9FD5289D16E400BA631A /* 015_dot_syntax_main.m */ = {isa = PBXFileReference; lastKnownFileType = sourcecode.c.objc; path = 015_dot_syntax_main.m; sourceTree = "<group>"; };
		B6DE80F4290A2DF700BA0061 /* Human.h */ = {isa = PBXFileReference; lastKnownFileType = sourcecode.c.h; path = Human.h; sourceTree = "<group>"; };
		B6DE80F5290A2DF700BA0061 /* Human.m */ = {isa = PBXFileReference; lastKnownFileType = sourcecode.c.objc; path = Human.m; sourceTree = "<group>"; };
		B6DE80F7290A2E0800BA0061 /* Book.h */ = {isa = PBXFileReference; lastKnownFileType = sourcecode.c.h; path = Book.h; sourceTree = "<group>"; };
		B6DE80F8290A2E0800BA0061 /* Book.m */ = {isa = PBXFileReference; lastKnownFileType = sourcecode.c.objc; path = Book.m; sourceTree = "<group>"; };
		B6E1DF1828D8810400DADEBE /* main.m */ = {isa = PBXFileReference; lastKnownFileType = sourcecode.c.objc; path = main.m; sourceTree = "<group>"; };
		B6E1DF1A28D8811E00DADEBE /* Human.h */ = {isa = PBXFileReference; lastKnownFileType = sourcecode.c.h; path = Human.h; sourceTree = "<group>"; };
		B6E1DF1B28D8811E00DADEBE /* Human.m */ = {isa = PBXFileReference; lastKnownFileType = sourcecode.c.objc; path = Human.m; sourceTree = "<group>"; };
		B6E1DF1D28D8812B00DADEBE /* Car.h */ = {isa = PBXFileReference; lastKnownFileType = sourcecode.c.h; path = Car.h; sourceTree = "<group>"; };
		B6E1DF1E28D8812B00DADEBE /* Car.m */ = {isa = PBXFileReference; lastKnownFileType = sourcecode.c.objc; path = Car.m; sourceTree = "<group>"; };
		B6E4749E2833B59400D273F0 /* 011-继承和组合.m */ = {isa = PBXFileReference; lastKnownFileType = sourcecode.c.objc; path = "011-继承和组合.m"; sourceTree = "<group>"; };
		B6E474A02833C51900D273F0 /* 012-多态.m */ = {isa = PBXFileReference; lastKnownFileType = sourcecode.c.objc; path = "012-多态.m"; sourceTree = "<group>"; };
		B6F30446296462AC00D25086 /* 038-NSArray.m */ = {isa = PBXFileReference; lastKnownFileType = sourcecode.c.objc; path = "038-NSArray.m"; sourceTree = "<group>"; };
/* End PBXFileReference section */

/* Begin PBXFrameworksBuildPhase section */
		B65989C6281BB70C00C7EB51 /* Frameworks */ = {
			isa = PBXFrameworksBuildPhase;
			buildActionMask = 2147483647;
			files = (
			);
			runOnlyForDeploymentPostprocessing = 0;
		};
/* End PBXFrameworksBuildPhase section */

/* Begin PBXGroup section */
		B60BE09329607EEC009E663A /* 035-struct */ = {
			isa = PBXGroup;
			children = (
				B60BE09429607F6B009E663A /* main.m */,
			);
			path = "035-struct";
			sourceTree = "<group>";
		};
		B610C0E12909502000C43A4B /* 027-property-memory */ = {
			isa = PBXGroup;
			children = (
				B610C0E5290950BF00C43A4B /* main.m */,
				B6DE80F7290A2E0800BA0061 /* Book.h */,
				B6DE80F8290A2E0800BA0061 /* Book.m */,
				B6DE80F4290A2DF700BA0061 /* Human.h */,
				B6DE80F5290A2DF700BA0061 /* Human.m */,
			);
			path = "027-property-memory";
			sourceTree = "<group>";
		};
		B619278E290FF62B003113C8 /* 031-arc-use */ = {
			isa = PBXGroup;
			children = (
				B619278F290FF65D003113C8 /* main.m */,
				B6192797290FFA41003113C8 /* Bird.h */,
				B6192798290FFA41003113C8 /* Bird.m */,
				B6192791290FF6D1003113C8 /* Human.h */,
				B6192792290FF6D1003113C8 /* Human.m */,
			);
			path = "031-arc-use";
			sourceTree = "<group>";
		};
		B65989C0281BB70C00C7EB51 = {
			isa = PBXGroup;
			children = (
				B65989CB281BB70C00C7EB51 /* objective_c */,
				B65989CA281BB70C00C7EB51 /* Products */,
				B65989E2281BC6A300C7EB51 /* Frameworks */,
			);
			sourceTree = "<group>";
		};
		B65989CA281BB70C00C7EB51 /* Products */ = {
			isa = PBXGroup;
			children = (
				B65989C9281BB70C00C7EB51 /* objective_c */,
			);
			name = Products;
			sourceTree = "<group>";
		};
		B65989CB281BB70C00C7EB51 /* objective_c */ = {
			isa = PBXGroup;
			children = (
				B65989CC281BB70C00C7EB51 /* main.m */,
				B65989D3281BBD0F00C7EB51 /* 001-Objective-c程序.m */,
				B65989DC281BC01100C7EB51 /* 002_other_header.m */,
				B65989DE281BC02000C7EB51 /* 002_other_header.h */,
				B6CD9FCE289D0C4200BA631A /* 002_other_main.m */,
				B65989E3281BC81200C7EB51 /* 003-BOOL类型的本质.m */,
				B65989E5281BCA9700C7EB51 /* 004-OC类的学习.m */,
				B65989E7281BD9CC00C7EB51 /* 005-OC对象跟函数.m */,
				B65AF63D281BE6F7001DAD6F /* 006-OC枚举.m */,
				B684FCDB2823B0CE00503A20 /* 007-OC类方法参数.m */,
				B657E26F282BD50A00309A4E /* 008-对象封装.m */,
				B64C5358282E5B7F00CAEBC2 /* 009-类方法.m */,
				B6400BCD283230C20089D15F /* 010-self.m */,
				B6E4749E2833B59400D273F0 /* 011-继承和组合.m */,
				B6E474A02833C51900D273F0 /* 012-多态.m */,
				B63D92B42844C3E400C79EAA /* 013-super.m */,
				B602C8C72858AFB600626400 /* 014-NSString.m */,
				B6CD9FD1289D0F8100BA631A /* 015_dot_syntax.h */,
				B6CD9FD2289D0F8100BA631A /* 015_dot_syntax.m */,
				B6CD9FD5289D16E400BA631A /* 015_dot_syntax_main.m */,
				B691E1E728A1466A00B2948B /* 016-@synthesize&@property.m */,
				B691E1E928A1483C00B2948B /* 017-id.m */,
				B6C042D928A8CE8D00BE5730 /* 018-构造方法.m */,
				B6C042DB28A8E3F300BE5730 /* 019-自定义构造方法.m */,
				B6C042DD28A8E5F400BE5730 /* 020-category */,
				B6C042EC28A8F20300BE5730 /* 021-分类的应用 */,
				B6651CC928D57566006AF8C7 /* 022-description */,
				B6651CCF28D5B517006AF8C7 /* 023-SEL */,
				B6651CD528D5D18C006AF8C7 /* 024-memory-management */,
				B6651CDB28D61879006AF8C7 /* 025-multiple-memory-management */,
				B6E1DF1728D880CF00DADEBE /* 026-set-memory-management */,
				B610C0E12909502000C43A4B /* 027-property-memory */,
				B6DE80FA290AA77A00BA0061 /* 028-circle-reference */,
				B67CFB0E290EACEE006DFEA2 /* 029-autorelease */,
				B67CFB14290EBBA3006DFEA2 /* 030-autorelease-use */,
				B619278E290FF62B003113C8 /* 031-arc-use */,
				B6AA1CF02911381B003AC0EB /* 032-block */,
				B6AA1CF3291140C5003AC0EB /* 033-protocol */,
				B6B82258294626490049601F /* 034-protocol-agent */,
				B60BE09329607EEC009E663A /* 035-struct */,
				B60BE09629628DE6009E663A /* 036-NSString.m */,
				B60BE0982962ED76009E663A /* 037-NSMutableString.m */,
				B6F30446296462AC00D25086 /* 038-NSArray.m */,
				B6AC49112969CA8300A0388A /* 039-CodeLine.m */,
				B6AC4913296B09BC00A0388A /* 040-NSMutableArray.m */,
				B6AC4915296B0D0C00A0388A /* 041-NSSet.m */,
				B6251171296FD6B200B4C961 /* 042-NSDictionary.m */,
				B625117329700FA000B4C961 /* 043-NSNumber.m */,
				B62511752970127800B4C961 /* 044-NSValue.m */,
				B6A8C2A3297105C500C74472 /* 045-NSDate.m */,
			);
			path = objective_c;
			sourceTree = "<group>";
		};
		B65989E2281BC6A300C7EB51 /* Frameworks */ = {
			isa = PBXGroup;
			children = (
			);
			name = Frameworks;
			sourceTree = "<group>";
		};
		B6651CC928D57566006AF8C7 /* 022-description */ = {
			isa = PBXGroup;
			children = (
				B6651CCA28D575B4006AF8C7 /* Human001.h */,
				B6651CCB28D575B4006AF8C7 /* Human001.m */,
				B6651CCD28D575EF006AF8C7 /* main.m */,
			);
			path = "022-description";
			sourceTree = "<group>";
		};
		B6651CCF28D5B517006AF8C7 /* 023-SEL */ = {
			isa = PBXGroup;
			children = (
				B6651CD028D5B605006AF8C7 /* Hunman.h */,
				B6651CD328D5B61C006AF8C7 /* main.m */,
				B6651CD128D5B605006AF8C7 /* Hunman.m */,
			);
			path = "023-SEL";
			sourceTree = "<group>";
		};
		B6651CD528D5D18C006AF8C7 /* 024-memory-management */ = {
			isa = PBXGroup;
			children = (
				B6651CD628D5D27C006AF8C7 /* main.m */,
				B6651CD828D5D298006AF8C7 /* Human.h */,
				B6651CD928D5D298006AF8C7 /* Human.m */,
			);
			path = "024-memory-management";
			sourceTree = "<group>";
		};
		B6651CDB28D61879006AF8C7 /* 025-multiple-memory-management */ = {
			isa = PBXGroup;
			children = (
				B6651CDC28D618C9006AF8C7 /* main.m */,
				B6651CDE28D61B77006AF8C7 /* Human.h */,
				B6651CDF28D61B77006AF8C7 /* Human.m */,
				B6651CE128D61C01006AF8C7 /* Book.h */,
				B6651CE228D61C01006AF8C7 /* Book.m */,
			);
			path = "025-multiple-memory-management";
			sourceTree = "<group>";
		};
		B67CFB0E290EACEE006DFEA2 /* 029-autorelease */ = {
			isa = PBXGroup;
			children = (
				B67CFB0F290EAD04006DFEA2 /* main.m */,
				B67CFB11290EAD2F006DFEA2 /* Human.h */,
				B67CFB12290EAD2F006DFEA2 /* Human.m */,
			);
			path = "029-autorelease";
			sourceTree = "<group>";
		};
		B67CFB14290EBBA3006DFEA2 /* 030-autorelease-use */ = {
			isa = PBXGroup;
			children = (
				B67CFB15290EBD41006DFEA2 /* main.m */,
				B67CFB17290EBD65006DFEA2 /* Human.h */,
				B67CFB18290EBD65006DFEA2 /* Human.m */,
				B67CFB1A290EBD77006DFEA2 /* Student.h */,
				B67CFB1B290EBD77006DFEA2 /* Student.m */,
			);
			path = "030-autorelease-use";
			sourceTree = "<group>";
		};
		B6AA1CF02911381B003AC0EB /* 032-block */ = {
			isa = PBXGroup;
			children = (
				B6AA1CF12911383E003AC0EB /* main.m */,
			);
			path = "032-block";
			sourceTree = "<group>";
		};
		B6AA1CF3291140C5003AC0EB /* 033-protocol */ = {
			isa = PBXGroup;
			children = (
				B6AA1CF4291140E9003AC0EB /* main.m */,
				B6AA1CF629114170003AC0EB /* Human.h */,
				B6AA1CF729114231003AC0EB /* Student.h */,
				B6AA1CF829114231003AC0EB /* Student.m */,
				B6B8225029460FCF0049601F /* Human002.h */,
				B6B82251294612CD0049601F /* Human003.h */,
				B6B822522946165C0049601F /* Animal.h */,
				B6B822532946165C0049601F /* Animal.m */,
				B6B822552946185F0049601F /* Bird.h */,
				B6B822562946185F0049601F /* Bird.m */,
			);
			path = "033-protocol";
			sourceTree = "<group>";
		};
		B6B82258294626490049601F /* 034-protocol-agent */ = {
			isa = PBXGroup;
			children = (
				B6B82259294627DB0049601F /* Human.h */,
				B6B8225A294627DB0049601F /* Human.m */,
				B6B8225C294627FA0049601F /* main.m */,
				B6B8225E294628F00049601F /* AngentProtocol.h */,
				B6B8225F294629C20049601F /* Ticket.h */,
				B6B82260294629C20049601F /* Ticket.m */,
			);
			path = "034-protocol-agent";
			sourceTree = "<group>";
		};
		B6C042DD28A8E5F400BE5730 /* 020-category */ = {
			isa = PBXGroup;
			children = (
				B6C042DE28A8E63100BE5730 /* main.m */,
				B6C042E928A8E9F400BE5730 /* NSObject+Log.h */,
				B6C042EA28A8E9F400BE5730 /* NSObject+Log.m */,
				B6C042E628A8E87C00BE5730 /* Human001.h */,
				B6C042E728A8E87C00BE5730 /* Human001.m */,
			);
			path = "020-category";
			sourceTree = "<group>";
		};
		B6C042EC28A8F20300BE5730 /* 021-分类的应用 */ = {
			isa = PBXGroup;
			children = (
				B6C042ED28A8F28900BE5730 /* main.m */,
				B6C042EF28A8F2B500BE5730 /* NSString+Number.h */,
				B6C042F028A8F2B500BE5730 /* NSString+Number.m */,
			);
			path = "021-分类的应用";
			sourceTree = "<group>";
		};
		B6DE80FA290AA77A00BA0061 /* 028-circle-reference */ = {
			isa = PBXGroup;
			children = (
				B62E4AD7290AA83300E58A29 /* main.m */,
				B62E4AD9290AA8C300E58A29 /* IDCard.h */,
				B62E4ADA290AA8C300E58A29 /* IDCard.m */,
				B62E4ADC290AA8D300E58A29 /* Human.h */,
				B62E4ADD290AA8D300E58A29 /* Human.m */,
			);
			path = "028-circle-reference";
			sourceTree = "<group>";
		};
		B6E1DF1728D880CF00DADEBE /* 026-set-memory-management */ = {
			isa = PBXGroup;
			children = (
				B6E1DF1828D8810400DADEBE /* main.m */,
				B6E1DF1D28D8812B00DADEBE /* Car.h */,
				B6E1DF1E28D8812B00DADEBE /* Car.m */,
				B6E1DF1A28D8811E00DADEBE /* Human.h */,
				B6E1DF1B28D8811E00DADEBE /* Human.m */,
			);
			path = "026-set-memory-management";
			sourceTree = "<group>";
		};
/* End PBXGroup section */

/* Begin PBXNativeTarget section */
		B65989C8281BB70C00C7EB51 /* objective_c */ = {
			isa = PBXNativeTarget;
			buildConfigurationList = B65989D0281BB70C00C7EB51 /* Build configuration list for PBXNativeTarget "objective_c" */;
			buildPhases = (
				B65989C5281BB70C00C7EB51 /* Sources */,
				B65989C6281BB70C00C7EB51 /* Frameworks */,
				B65989C7281BB70C00C7EB51 /* CopyFiles */,
			);
			buildRules = (
			);
			dependencies = (
			);
			name = objective_c;
			productName = objective_c;
			productReference = B65989C9281BB70C00C7EB51 /* objective_c */;
			productType = "com.apple.product-type.tool";
		};
/* End PBXNativeTarget section */

/* Begin PBXProject section */
		B65989C1281BB70C00C7EB51 /* Project object */ = {
			isa = PBXProject;
			attributes = {
				BuildIndependentTargetsInParallel = 1;
				LastUpgradeCheck = 1300;
				TargetAttributes = {
					B65989C8281BB70C00C7EB51 = {
						CreatedOnToolsVersion = 13.0;
					};
				};
			};
			buildConfigurationList = B65989C4281BB70C00C7EB51 /* Build configuration list for PBXProject "objective_c" */;
			compatibilityVersion = "Xcode 13.0";
			developmentRegion = en;
			hasScannedForEncodings = 0;
			knownRegions = (
				en,
				Base,
			);
			mainGroup = B65989C0281BB70C00C7EB51;
			productRefGroup = B65989CA281BB70C00C7EB51 /* Products */;
			projectDirPath = "";
			projectRoot = "";
			targets = (
				B65989C8281BB70C00C7EB51 /* objective_c */,
			);
		};
/* End PBXProject section */

/* Begin PBXSourcesBuildPhase section */
		B65989C5281BB70C00C7EB51 /* Sources */ = {
			isa = PBXSourcesBuildPhase;
			buildActionMask = 2147483647;
			files = (
				B6A8C2A4297105C500C74472 /* 045-NSDate.m in Sources */,
			);
			runOnlyForDeploymentPostprocessing = 0;
		};
/* End PBXSourcesBuildPhase section */

/* Begin XCBuildConfiguration section */
		B65989CE281BB70C00C7EB51 /* Debug */ = {
			isa = XCBuildConfiguration;
			buildSettings = {
				ALWAYS_SEARCH_USER_PATHS = NO;
				CLANG_ANALYZER_NONNULL = YES;
				CLANG_ANALYZER_NUMBER_OBJECT_CONVERSION = YES_AGGRESSIVE;
				CLANG_CXX_LANGUAGE_STANDARD = "gnu++17";
				CLANG_CXX_LIBRARY = "libc++";
				CLANG_ENABLE_MODULES = YES;
				CLANG_ENABLE_OBJC_ARC = NO;
				CLANG_ENABLE_OBJC_WEAK = YES;
				CLANG_WARN_BLOCK_CAPTURE_AUTORELEASING = YES;
				CLANG_WARN_BOOL_CONVERSION = YES;
				CLANG_WARN_COMMA = YES;
				CLANG_WARN_CONSTANT_CONVERSION = YES;
				CLANG_WARN_DEPRECATED_OBJC_IMPLEMENTATIONS = YES;
				CLANG_WARN_DIRECT_OBJC_ISA_USAGE = YES_ERROR;
				CLANG_WARN_DOCUMENTATION_COMMENTS = YES;
				CLANG_WARN_EMPTY_BODY = YES;
				CLANG_WARN_ENUM_CONVERSION = YES;
				CLANG_WARN_INFINITE_RECURSION = YES;
				CLANG_WARN_INT_CONVERSION = YES;
				CLANG_WARN_NON_LITERAL_NULL_CONVERSION = YES;
				CLANG_WARN_OBJC_IMPLICIT_RETAIN_SELF = YES;
				CLANG_WARN_OBJC_LITERAL_CONVERSION = YES;
				CLANG_WARN_OBJC_ROOT_CLASS = YES_ERROR;
				CLANG_WARN_QUOTED_INCLUDE_IN_FRAMEWORK_HEADER = YES;
				CLANG_WARN_RANGE_LOOP_ANALYSIS = YES;
				CLANG_WARN_STRICT_PROTOTYPES = YES;
				CLANG_WARN_SUSPICIOUS_MOVE = YES;
				CLANG_WARN_UNGUARDED_AVAILABILITY = YES_AGGRESSIVE;
				CLANG_WARN_UNREACHABLE_CODE = YES;
				CLANG_WARN__DUPLICATE_METHOD_MATCH = YES;
				COPY_PHASE_STRIP = NO;
				DEBUG_INFORMATION_FORMAT = dwarf;
				ENABLE_STRICT_OBJC_MSGSEND = YES;
				ENABLE_TESTABILITY = YES;
				GCC_C_LANGUAGE_STANDARD = gnu11;
				GCC_DYNAMIC_NO_PIC = NO;
				GCC_NO_COMMON_BLOCKS = YES;
				GCC_OPTIMIZATION_LEVEL = 0;
				GCC_PREPROCESSOR_DEFINITIONS = (
					"DEBUG=1",
					"$(inherited)",
				);
				GCC_WARN_64_TO_32_BIT_CONVERSION = YES;
				GCC_WARN_ABOUT_RETURN_TYPE = YES_ERROR;
				GCC_WARN_UNDECLARED_SELECTOR = YES;
				GCC_WARN_UNINITIALIZED_AUTOS = YES_AGGRESSIVE;
				GCC_WARN_UNUSED_FUNCTION = YES;
				GCC_WARN_UNUSED_VARIABLE = YES;
				MACOSX_DEPLOYMENT_TARGET = 11.3;
				MTL_ENABLE_DEBUG_INFO = INCLUDE_SOURCE;
				MTL_FAST_MATH = YES;
				ONLY_ACTIVE_ARCH = YES;
				SDKROOT = macosx;
			};
			name = Debug;
		};
		B65989CF281BB70C00C7EB51 /* Release */ = {
			isa = XCBuildConfiguration;
			buildSettings = {
				ALWAYS_SEARCH_USER_PATHS = NO;
				CLANG_ANALYZER_NONNULL = YES;
				CLANG_ANALYZER_NUMBER_OBJECT_CONVERSION = YES_AGGRESSIVE;
				CLANG_CXX_LANGUAGE_STANDARD = "gnu++17";
				CLANG_CXX_LIBRARY = "libc++";
				CLANG_ENABLE_MODULES = YES;
				CLANG_ENABLE_OBJC_ARC = NO;
				CLANG_ENABLE_OBJC_WEAK = YES;
				CLANG_WARN_BLOCK_CAPTURE_AUTORELEASING = YES;
				CLANG_WARN_BOOL_CONVERSION = YES;
				CLANG_WARN_COMMA = YES;
				CLANG_WARN_CONSTANT_CONVERSION = YES;
				CLANG_WARN_DEPRECATED_OBJC_IMPLEMENTATIONS = YES;
				CLANG_WARN_DIRECT_OBJC_ISA_USAGE = YES_ERROR;
				CLANG_WARN_DOCUMENTATION_COMMENTS = YES;
				CLANG_WARN_EMPTY_BODY = YES;
				CLANG_WARN_ENUM_CONVERSION = YES;
				CLANG_WARN_INFINITE_RECURSION = YES;
				CLANG_WARN_INT_CONVERSION = YES;
				CLANG_WARN_NON_LITERAL_NULL_CONVERSION = YES;
				CLANG_WARN_OBJC_IMPLICIT_RETAIN_SELF = YES;
				CLANG_WARN_OBJC_LITERAL_CONVERSION = YES;
				CLANG_WARN_OBJC_ROOT_CLASS = YES_ERROR;
				CLANG_WARN_QUOTED_INCLUDE_IN_FRAMEWORK_HEADER = YES;
				CLANG_WARN_RANGE_LOOP_ANALYSIS = YES;
				CLANG_WARN_STRICT_PROTOTYPES = YES;
				CLANG_WARN_SUSPICIOUS_MOVE = YES;
				CLANG_WARN_UNGUARDED_AVAILABILITY = YES_AGGRESSIVE;
				CLANG_WARN_UNREACHABLE_CODE = YES;
				CLANG_WARN__DUPLICATE_METHOD_MATCH = YES;
				COPY_PHASE_STRIP = NO;
				DEBUG_INFORMATION_FORMAT = "dwarf-with-dsym";
				ENABLE_NS_ASSERTIONS = NO;
				ENABLE_STRICT_OBJC_MSGSEND = YES;
				GCC_C_LANGUAGE_STANDARD = gnu11;
				GCC_NO_COMMON_BLOCKS = YES;
				GCC_WARN_64_TO_32_BIT_CONVERSION = YES;
				GCC_WARN_ABOUT_RETURN_TYPE = YES_ERROR;
				GCC_WARN_UNDECLARED_SELECTOR = YES;
				GCC_WARN_UNINITIALIZED_AUTOS = YES_AGGRESSIVE;
				GCC_WARN_UNUSED_FUNCTION = YES;
				GCC_WARN_UNUSED_VARIABLE = YES;
				MACOSX_DEPLOYMENT_TARGET = 11.3;
				MTL_ENABLE_DEBUG_INFO = NO;
				MTL_FAST_MATH = YES;
				SDKROOT = macosx;
			};
			name = Release;
		};
		B65989D1281BB70C00C7EB51 /* Debug */ = {
			isa = XCBuildConfiguration;
			buildSettings = {
				CLANG_ENABLE_OBJC_ARC = YES;
				CODE_SIGN_STYLE = Automatic;
				PRODUCT_NAME = "$(TARGET_NAME)";
			};
			name = Debug;
		};
		B65989D2281BB70C00C7EB51 /* Release */ = {
			isa = XCBuildConfiguration;
			buildSettings = {
				CLANG_ENABLE_OBJC_ARC = YES;
				CODE_SIGN_STYLE = Automatic;
				PRODUCT_NAME = "$(TARGET_NAME)";
			};
			name = Release;
		};
/* End XCBuildConfiguration section */

/* Begin XCConfigurationList section */
		B65989C4281BB70C00C7EB51 /* Build configuration list for PBXProject "objective_c" */ = {
			isa = XCConfigurationList;
			buildConfigurations = (
				B65989CE281BB70C00C7EB51 /* Debug */,
				B65989CF281BB70C00C7EB51 /* Release */,
			);
			defaultConfigurationIsVisible = 0;
			defaultConfigurationName = Release;
		};
		B65989D0281BB70C00C7EB51 /* Build configuration list for PBXNativeTarget "objective_c" */ = {
			isa = XCConfigurationList;
			buildConfigurations = (
				B65989D1281BB70C00C7EB51 /* Debug */,
				B65989D2281BB70C00C7EB51 /* Release */,
			);
			defaultConfigurationIsVisible = 0;
			defaultConfigurationName = Release;
		};
/* End XCConfigurationList section */
	};
	rootObject = B65989C1281BB70C00C7EB51 /* Project object */;
}
