// !$*UTF8*$!
{
	archiveVersion = 1;
	classes = {
	};
	objectVersion = 55;
	objects = {

/* Begin PBXBuildFile section */
		B6763C9829B0C3AD008C6731 /* main.swift in Sources */ = {isa = PBXBuildFile; fileRef = B68E531E276AE59E00555B48 /* main.swift */; };
		B6B2A5932779F54F004C1C07 /* memory.swift in Sources */ = {isa = PBXBuildFile; fileRef = B68E5325276B116900555B48 /* memory.swift */; };
/* End PBXBuildFile section */

/* Begin PBXCopyFilesBuildPhase section */
		B68E5319276AE59E00555B48 /* CopyFiles */ = {
			isa = PBXCopyFilesBuildPhase;
			buildActionMask = 2147483647;
			dstPath = /usr/share/man/man1/;
			dstSubfolderSpec = 0;
			files = (
			);
			runOnlyForDeploymentPostprocessing = 1;
		};
/* End PBXCopyFilesBuildPhase section */

/* Begin PBXFileReference section */
		B60653F5281281B8004C1895 /* 字面量协议、模式匹配、条件编译.swift */ = {isa = PBXFileReference; lastKnownFileType = sourcecode.swift; path = "字面量协议、模式匹配、条件编译.swift"; sourceTree = "<group>"; };
		B60653F72812B34B004C1895 /* OC到Swift、函数式编程.swift */ = {isa = PBXFileReference; lastKnownFileType = sourcecode.swift; path = "OC到Swift、函数式编程.swift"; sourceTree = "<group>"; };
		B6068A5427B3F6ED0075A23E /* 逃逸闭包、非逃逸闭包.swift */ = {isa = PBXFileReference; lastKnownFileType = sourcecode.swift; path = "逃逸闭包、非逃逸闭包.swift"; sourceTree = "<group>"; };
		B60A352B277B33B0000C27F4 /* 闭包表达式、闭包.swift */ = {isa = PBXFileReference; lastKnownFileType = sourcecode.swift; path = "闭包表达式、闭包.swift"; sourceTree = "<group>"; };
		B615BD9C27AA85750085CFF1 /* 自定义错误、捕获错误.swift */ = {isa = PBXFileReference; lastKnownFileType = sourcecode.swift; path = "自定义错误、捕获错误.swift"; sourceTree = "<group>"; };
		B615BD9E27AA8C520085CFF1 /* 范型.swift */ = {isa = PBXFileReference; lastKnownFileType = sourcecode.swift; path = "范型.swift"; sourceTree = "<group>"; };
		B615BDA027AACFDF0085CFF1 /* 类型约束.swift */ = {isa = PBXFileReference; lastKnownFileType = sourcecode.swift; path = "类型约束.swift"; sourceTree = "<group>"; };
		B615BDA227AAE22E0085CFF1 /* String、Array汇编分析.swift */ = {isa = PBXFileReference; lastKnownFileType = sourcecode.swift; path = "String、Array汇编分析.swift"; sourceTree = "<group>"; };
		B625012D27CF9E9000F6BA33 /* 内存访问冲突、指针.swift */ = {isa = PBXFileReference; lastKnownFileType = sourcecode.swift; path = "内存访问冲突、指针.swift"; sourceTree = "<group>"; };
		B662F1AE27AE618100E283AF /* 扩展、协议扩展.swift */ = {isa = PBXFileReference; lastKnownFileType = sourcecode.swift; path = "扩展、协议扩展.swift"; sourceTree = "<group>"; };
		B662F1B027AE757300E283AF /* getter\setter、协议访问控制.swift */ = {isa = PBXFileReference; lastKnownFileType = sourcecode.swift; path = "getter\\setter、协议访问控制.swift"; sourceTree = "<group>"; };
		B662F1B227AED37D00E283AF /* 内存管理.swift */ = {isa = PBXFileReference; lastKnownFileType = sourcecode.swift; path = "内存管理.swift"; sourceTree = "<group>"; };
		B6763C9629B0C31C008C6731 /* string.swift */ = {isa = PBXFileReference; lastKnownFileType = sourcecode.swift; path = string.swift; sourceTree = "<group>"; };
		B67BD54C278DBD3900C4287A /* 延迟存储属性.swift */ = {isa = PBXFileReference; lastKnownFileType = sourcecode.swift; path = "延迟存储属性.swift"; sourceTree = "<group>"; };
		B67BD54F278DC0D300C4287A /* 属性观察器.swift */ = {isa = PBXFileReference; lastKnownFileType = sourcecode.swift; path = "属性观察器.swift"; sourceTree = "<group>"; };
		B68E531B276AE59E00555B48 /* swift_study */ = {isa = PBXFileReference; explicitFileType = "compiled.mach-o.executable"; includeInIndex = 0; path = swift_study; sourceTree = BUILT_PRODUCTS_DIR; };
		B68E531E276AE59E00555B48 /* main.swift */ = {isa = PBXFileReference; lastKnownFileType = sourcecode.swift; path = main.swift; sourceTree = "<group>"; };
		B68E5325276B116900555B48 /* memory.swift */ = {isa = PBXFileReference; lastKnownFileType = sourcecode.swift; path = memory.swift; sourceTree = "<group>"; };
		B68E5327276B3B5400555B48 /* 枚举内存地址.swift */ = {isa = PBXFileReference; lastKnownFileType = sourcecode.swift; path = "枚举内存地址.swift"; sourceTree = "<group>"; };
		B6947BCF2787207A004095EB /* 属性、汇编分析inout本质.swift */ = {isa = PBXFileReference; lastKnownFileType = sourcecode.swift; path = "属性、汇编分析inout本质.swift"; sourceTree = "<group>"; };
		B6B2A58E2779EC26004C1C07 /* 枚举.swift */ = {isa = PBXFileReference; lastKnownFileType = sourcecode.swift; path = "枚举.swift"; sourceTree = "<group>"; };
		B6B2A5912779EFD0004C1C07 /* 结构体和类.swift */ = {isa = PBXFileReference; lastKnownFileType = sourcecode.swift; path = "结构体和类.swift"; sourceTree = "<group>"; };
		B6B2A5942779FDCB004C1C07 /* 值类型的赋值操作.swift */ = {isa = PBXFileReference; lastKnownFileType = sourcecode.swift; path = "值类型的赋值操作.swift"; sourceTree = "<group>"; };
		B6B2A596277A00DC004C1C07 /* 引用类型赋值操作.swift */ = {isa = PBXFileReference; lastKnownFileType = sourcecode.swift; path = "引用类型赋值操作.swift"; sourceTree = "<group>"; };
		B6B2A598277A0420004C1C07 /* 值类型引用类型的let.swift */ = {isa = PBXFileReference; lastKnownFileType = sourcecode.swift; path = "值类型引用类型的let.swift"; sourceTree = "<group>"; };
		B6B9749D27A669C600E2850F /* 修改值类型属性.swift */ = {isa = PBXFileReference; lastKnownFileType = sourcecode.swift; path = "修改值类型属性.swift"; sourceTree = "<group>"; };
		B6B9749F27A682E200E2850F /* 下标.swift */ = {isa = PBXFileReference; lastKnownFileType = sourcecode.swift; path = "下标.swift"; sourceTree = "<group>"; };
		B6B974A127A690DC00E2850F /* 继承.swift */ = {isa = PBXFileReference; lastKnownFileType = sourcecode.swift; path = "继承.swift"; sourceTree = "<group>"; };
		B6B974A327A6F2A700E2850F /* 重写实例属性.swift */ = {isa = PBXFileReference; lastKnownFileType = sourcecode.swift; path = "重写实例属性.swift"; sourceTree = "<group>"; };
		B6C7AB8927AD7D6500BABDA0 /* 可选项本质.swift */ = {isa = PBXFileReference; lastKnownFileType = sourcecode.swift; path = "可选项本质.swift"; sourceTree = "<group>"; };
		B6C7AB8B27AD854200BABDA0 /* 溢出运算符.swift */ = {isa = PBXFileReference; lastKnownFileType = sourcecode.swift; path = "溢出运算符.swift"; sourceTree = "<group>"; };
		B6C7AB8D27AD85C500BABDA0 /* 运算符重载.swift */ = {isa = PBXFileReference; lastKnownFileType = sourcecode.swift; path = "运算符重载.swift"; sourceTree = "<group>"; };
		B6CBC2C32785D6BB00EEF451 /* 汇编分析闭包本质.swift */ = {isa = PBXFileReference; lastKnownFileType = sourcecode.swift; path = "汇编分析闭包本质.swift"; sourceTree = "<group>"; };
		B6DC538E27A9229E00CB8BE5 /* 初始化器.swift */ = {isa = PBXFileReference; lastKnownFileType = sourcecode.swift; path = "初始化器.swift"; sourceTree = "<group>"; };
		B6DC539027A976A800CB8BE5 /* require、deinit、可失败初始化器.swift */ = {isa = PBXFileReference; lastKnownFileType = sourcecode.swift; path = "require、deinit、可失败初始化器.swift"; sourceTree = "<group>"; };
		B6DC539227A97DBD00CB8BE5 /* 可选链.swift */ = {isa = PBXFileReference; lastKnownFileType = sourcecode.swift; path = "可选链.swift"; sourceTree = "<group>"; };
		B6DC539427A9800400CB8BE5 /* 协议、元类型.swift */ = {isa = PBXFileReference; lastKnownFileType = sourcecode.swift; path = "协议、元类型.swift"; sourceTree = "<group>"; };
/* End PBXFileReference section */

/* Begin PBXFrameworksBuildPhase section */
		B68E5318276AE59E00555B48 /* Frameworks */ = {
			isa = PBXFrameworksBuildPhase;
			buildActionMask = 2147483647;
			files = (
			);
			runOnlyForDeploymentPostprocessing = 0;
		};
/* End PBXFrameworksBuildPhase section */

/* Begin PBXGroup section */
		B68E5312276AE59E00555B48 = {
			isa = PBXGroup;
			children = (
				B68E531D276AE59E00555B48 /* swift_study */,
				B68E531C276AE59E00555B48 /* Products */,
			);
			sourceTree = "<group>";
		};
		B68E531C276AE59E00555B48 /* Products */ = {
			isa = PBXGroup;
			children = (
				B68E531B276AE59E00555B48 /* swift_study */,
			);
			name = Products;
			sourceTree = "<group>";
		};
		B68E531D276AE59E00555B48 /* swift_study */ = {
			isa = PBXGroup;
			children = (
				B68E531E276AE59E00555B48 /* main.swift */,
				B68E5325276B116900555B48 /* memory.swift */,
				B68E5327276B3B5400555B48 /* 枚举内存地址.swift */,
				B6B2A58E2779EC26004C1C07 /* 枚举.swift */,
				B6B2A5912779EFD0004C1C07 /* 结构体和类.swift */,
				B6B2A5942779FDCB004C1C07 /* 值类型的赋值操作.swift */,
				B6B2A596277A00DC004C1C07 /* 引用类型赋值操作.swift */,
				B6B2A598277A0420004C1C07 /* 值类型引用类型的let.swift */,
				B60A352B277B33B0000C27F4 /* 闭包表达式、闭包.swift */,
				B6CBC2C32785D6BB00EEF451 /* 汇编分析闭包本质.swift */,
				B6947BCF2787207A004095EB /* 属性、汇编分析inout本质.swift */,
				B67BD54C278DBD3900C4287A /* 延迟存储属性.swift */,
				B67BD54F278DC0D300C4287A /* 属性观察器.swift */,
				B6B9749D27A669C600E2850F /* 修改值类型属性.swift */,
				B6B9749F27A682E200E2850F /* 下标.swift */,
				B6B974A127A690DC00E2850F /* 继承.swift */,
				B6B974A327A6F2A700E2850F /* 重写实例属性.swift */,
				B6DC538E27A9229E00CB8BE5 /* 初始化器.swift */,
				B6DC539027A976A800CB8BE5 /* require、deinit、可失败初始化器.swift */,
				B6DC539227A97DBD00CB8BE5 /* 可选链.swift */,
				B6DC539427A9800400CB8BE5 /* 协议、元类型.swift */,
				B615BD9C27AA85750085CFF1 /* 自定义错误、捕获错误.swift */,
				B615BD9E27AA8C520085CFF1 /* 范型.swift */,
				B615BDA027AACFDF0085CFF1 /* 类型约束.swift */,
				B615BDA227AAE22E0085CFF1 /* String、Array汇编分析.swift */,
				B6C7AB8927AD7D6500BABDA0 /* 可选项本质.swift */,
				B6C7AB8B27AD854200BABDA0 /* 溢出运算符.swift */,
				B6C7AB8D27AD85C500BABDA0 /* 运算符重载.swift */,
				B662F1AE27AE618100E283AF /* 扩展、协议扩展.swift */,
				B662F1B027AE757300E283AF /* getter\setter、协议访问控制.swift */,
				B662F1B227AED37D00E283AF /* 内存管理.swift */,
				B6068A5427B3F6ED0075A23E /* 逃逸闭包、非逃逸闭包.swift */,
				B625012D27CF9E9000F6BA33 /* 内存访问冲突、指针.swift */,
				B60653F5281281B8004C1895 /* 字面量协议、模式匹配、条件编译.swift */,
				B60653F72812B34B004C1895 /* OC到Swift、函数式编程.swift */,
				B6763C9629B0C31C008C6731 /* string.swift */,
			);
			path = swift_study;
			sourceTree = "<group>";
		};
/* End PBXGroup section */

/* Begin PBXNativeTarget section */
		B68E531A276AE59E00555B48 /* swift_study */ = {
			isa = PBXNativeTarget;
			buildConfigurationList = B68E5322276AE59E00555B48 /* Build configuration list for PBXNativeTarget "swift_study" */;
			buildPhases = (
				B68E5317276AE59E00555B48 /* Sources */,
				B68E5318276AE59E00555B48 /* Frameworks */,
				B68E5319276AE59E00555B48 /* CopyFiles */,
			);
			buildRules = (
			);
			dependencies = (
			);
			name = swift_study;
			productName = swift_study;
			productReference = B68E531B276AE59E00555B48 /* swift_study */;
			productType = "com.apple.product-type.tool";
		};
/* End PBXNativeTarget section */

/* Begin PBXProject section */
		B68E5313276AE59E00555B48 /* Project object */ = {
			isa = PBXProject;
			attributes = {
				BuildIndependentTargetsInParallel = 1;
				LastSwiftUpdateCheck = 1300;
				LastUpgradeCheck = 1300;
				TargetAttributes = {
					B68E531A276AE59E00555B48 = {
						CreatedOnToolsVersion = 13.0;
					};
				};
			};
			buildConfigurationList = B68E5316276AE59E00555B48 /* Build configuration list for PBXProject "swift_study" */;
			compatibilityVersion = "Xcode 13.0";
			developmentRegion = en;
			hasScannedForEncodings = 0;
			knownRegions = (
				en,
				Base,
			);
			mainGroup = B68E5312276AE59E00555B48;
			productRefGroup = B68E531C276AE59E00555B48 /* Products */;
			projectDirPath = "";
			projectRoot = "";
			targets = (
				B68E531A276AE59E00555B48 /* swift_study */,
			);
		};
/* End PBXProject section */

/* Begin PBXSourcesBuildPhase section */
		B68E5317276AE59E00555B48 /* Sources */ = {
			isa = PBXSourcesBuildPhase;
			buildActionMask = 2147483647;
			files = (
				B6763C9829B0C3AD008C6731 /* main.swift in Sources */,
				B6B2A5932779F54F004C1C07 /* memory.swift in Sources */,
			);
			runOnlyForDeploymentPostprocessing = 0;
		};
/* End PBXSourcesBuildPhase section */

/* Begin XCBuildConfiguration section */
		B68E5320276AE59E00555B48 /* Debug */ = {
			isa = XCBuildConfiguration;
			buildSettings = {
				ALWAYS_SEARCH_USER_PATHS = NO;
				CLANG_ANALYZER_NONNULL = YES;
				CLANG_ANALYZER_NUMBER_OBJECT_CONVERSION = YES_AGGRESSIVE;
				CLANG_CXX_LANGUAGE_STANDARD = "gnu++17";
				CLANG_CXX_LIBRARY = "libc++";
				CLANG_ENABLE_MODULES = YES;
				CLANG_ENABLE_OBJC_ARC = YES;
				CLANG_ENABLE_OBJC_WEAK = YES;
				CLANG_WARN_BLOCK_CAPTURE_AUTORELEASING = YES;
				CLANG_WARN_BOOL_CONVERSION = YES;
				CLANG_WARN_COMMA = YES;
				CLANG_WARN_CONSTANT_CONVERSION = YES;
				CLANG_WARN_DEPRECATED_OBJC_IMPLEMENTATIONS = YES;
				CLANG_WARN_DIRECT_OBJC_ISA_USAGE = YES_ERROR;
				CLANG_WARN_DOCUMENTATION_COMMENTS = YES;
				CLANG_WARN_EMPTY_BODY = YES;
				CLANG_WARN_ENUM_CONVERSION = YES;
				CLANG_WARN_INFINITE_RECURSION = YES;
				CLANG_WARN_INT_CONVERSION = YES;
				CLANG_WARN_NON_LITERAL_NULL_CONVERSION = YES;
				CLANG_WARN_OBJC_IMPLICIT_RETAIN_SELF = YES;
				CLANG_WARN_OBJC_LITERAL_CONVERSION = YES;
				CLANG_WARN_OBJC_ROOT_CLASS = YES_ERROR;
				CLANG_WARN_QUOTED_INCLUDE_IN_FRAMEWORK_HEADER = YES;
				CLANG_WARN_RANGE_LOOP_ANALYSIS = YES;
				CLANG_WARN_STRICT_PROTOTYPES = YES;
				CLANG_WARN_SUSPICIOUS_MOVE = YES;
				CLANG_WARN_UNGUARDED_AVAILABILITY = YES_AGGRESSIVE;
				CLANG_WARN_UNREACHABLE_CODE = YES;
				CLANG_WARN__DUPLICATE_METHOD_MATCH = YES;
				COPY_PHASE_STRIP = NO;
				DEBUG_INFORMATION_FORMAT = dwarf;
				ENABLE_STRICT_OBJC_MSGSEND = YES;
				ENABLE_TESTABILITY = YES;
				GCC_C_LANGUAGE_STANDARD = gnu11;
				GCC_DYNAMIC_NO_PIC = NO;
				GCC_NO_COMMON_BLOCKS = YES;
				GCC_OPTIMIZATION_LEVEL = 0;
				GCC_PREPROCESSOR_DEFINITIONS = (
					"DEBUG=1",
					"$(inherited)",
				);
				GCC_WARN_64_TO_32_BIT_CONVERSION = YES;
				GCC_WARN_ABOUT_RETURN_TYPE = YES_ERROR;
				GCC_WARN_UNDECLARED_SELECTOR = YES;
				GCC_WARN_UNINITIALIZED_AUTOS = YES_AGGRESSIVE;
				GCC_WARN_UNUSED_FUNCTION = YES;
				GCC_WARN_UNUSED_VARIABLE = YES;
				MACOSX_DEPLOYMENT_TARGET = 11.3;
				MTL_ENABLE_DEBUG_INFO = INCLUDE_SOURCE;
				MTL_FAST_MATH = YES;
				ONLY_ACTIVE_ARCH = YES;
				SDKROOT = macosx;
				SWIFT_ACTIVE_COMPILATION_CONDITIONS = DEBUG;
				SWIFT_OPTIMIZATION_LEVEL = "-Onone";
			};
			name = Debug;
		};
		B68E5321276AE59E00555B48 /* Release */ = {
			isa = XCBuildConfiguration;
			buildSettings = {
				ALWAYS_SEARCH_USER_PATHS = NO;
				CLANG_ANALYZER_NONNULL = YES;
				CLANG_ANALYZER_NUMBER_OBJECT_CONVERSION = YES_AGGRESSIVE;
				CLANG_CXX_LANGUAGE_STANDARD = "gnu++17";
				CLANG_CXX_LIBRARY = "libc++";
				CLANG_ENABLE_MODULES = YES;
				CLANG_ENABLE_OBJC_ARC = YES;
				CLANG_ENABLE_OBJC_WEAK = YES;
				CLANG_WARN_BLOCK_CAPTURE_AUTORELEASING = YES;
				CLANG_WARN_BOOL_CONVERSION = YES;
				CLANG_WARN_COMMA = YES;
				CLANG_WARN_CONSTANT_CONVERSION = YES;
				CLANG_WARN_DEPRECATED_OBJC_IMPLEMENTATIONS = YES;
				CLANG_WARN_DIRECT_OBJC_ISA_USAGE = YES_ERROR;
				CLANG_WARN_DOCUMENTATION_COMMENTS = YES;
				CLANG_WARN_EMPTY_BODY = YES;
				CLANG_WARN_ENUM_CONVERSION = YES;
				CLANG_WARN_INFINITE_RECURSION = YES;
				CLANG_WARN_INT_CONVERSION = YES;
				CLANG_WARN_NON_LITERAL_NULL_CONVERSION = YES;
				CLANG_WARN_OBJC_IMPLICIT_RETAIN_SELF = YES;
				CLANG_WARN_OBJC_LITERAL_CONVERSION = YES;
				CLANG_WARN_OBJC_ROOT_CLASS = YES_ERROR;
				CLANG_WARN_QUOTED_INCLUDE_IN_FRAMEWORK_HEADER = YES;
				CLANG_WARN_RANGE_LOOP_ANALYSIS = YES;
				CLANG_WARN_STRICT_PROTOTYPES = YES;
				CLANG_WARN_SUSPICIOUS_MOVE = YES;
				CLANG_WARN_UNGUARDED_AVAILABILITY = YES_AGGRESSIVE;
				CLANG_WARN_UNREACHABLE_CODE = YES;
				CLANG_WARN__DUPLICATE_METHOD_MATCH = YES;
				COPY_PHASE_STRIP = NO;
				DEBUG_INFORMATION_FORMAT = "dwarf-with-dsym";
				ENABLE_NS_ASSERTIONS = NO;
				ENABLE_STRICT_OBJC_MSGSEND = YES;
				GCC_C_LANGUAGE_STANDARD = gnu11;
				GCC_NO_COMMON_BLOCKS = YES;
				GCC_WARN_64_TO_32_BIT_CONVERSION = YES;
				GCC_WARN_ABOUT_RETURN_TYPE = YES_ERROR;
				GCC_WARN_UNDECLARED_SELECTOR = YES;
				GCC_WARN_UNINITIALIZED_AUTOS = YES_AGGRESSIVE;
				GCC_WARN_UNUSED_FUNCTION = YES;
				GCC_WARN_UNUSED_VARIABLE = YES;
				MACOSX_DEPLOYMENT_TARGET = 11.3;
				MTL_ENABLE_DEBUG_INFO = NO;
				MTL_FAST_MATH = YES;
				SDKROOT = macosx;
				SWIFT_COMPILATION_MODE = wholemodule;
				SWIFT_OPTIMIZATION_LEVEL = "-O";
			};
			name = Release;
		};
		B68E5323276AE59E00555B48 /* Debug */ = {
			isa = XCBuildConfiguration;
			buildSettings = {
				CODE_SIGN_STYLE = Automatic;
				OTHER_SWIFT_FLAGS = "";
				PRODUCT_NAME = "$(TARGET_NAME)";
				SWIFT_VERSION = 5.0;
			};
			name = Debug;
		};
		B68E5324276AE59E00555B48 /* Release */ = {
			isa = XCBuildConfiguration;
			buildSettings = {
				CODE_SIGN_STYLE = Automatic;
				PRODUCT_NAME = "$(TARGET_NAME)";
				SWIFT_VERSION = 5.0;
			};
			name = Release;
		};
/* End XCBuildConfiguration section */

/* Begin XCConfigurationList section */
		B68E5316276AE59E00555B48 /* Build configuration list for PBXProject "swift_study" */ = {
			isa = XCConfigurationList;
			buildConfigurations = (
				B68E5320276AE59E00555B48 /* Debug */,
				B68E5321276AE59E00555B48 /* Release */,
			);
			defaultConfigurationIsVisible = 0;
			defaultConfigurationName = Release;
		};
		B68E5322276AE59E00555B48 /* Build configuration list for PBXNativeTarget "swift_study" */ = {
			isa = XCConfigurationList;
			buildConfigurations = (
				B68E5323276AE59E00555B48 /* Debug */,
				B68E5324276AE59E00555B48 /* Release */,
			);
			defaultConfigurationIsVisible = 0;
			defaultConfigurationName = Release;
		};
/* End XCConfigurationList section */
	};
	rootObject = B68E5313276AE59E00555B48 /* Project object */;
}
